// !$*UTF8*$!
{
	archiveVersion = 1;
	classes = {
	};
	objectVersion = 55;
	objects = {

/* Begin PBXBuildFile section */
		2BA51F452852E4E800B27773 /* AppDelegate.swift in Sources */ = {isa = PBXBuildFile; fileRef = 2BA51F442852E4E800B27773 /* AppDelegate.swift */; };
		2BA51F472852E4E800B27773 /* SceneDelegate.swift in Sources */ = {isa = PBXBuildFile; fileRef = 2BA51F462852E4E800B27773 /* SceneDelegate.swift */; };
		2BA51F492852E4E800B27773 /* ViewController.swift in Sources */ = {isa = PBXBuildFile; fileRef = 2BA51F482852E4E800B27773 /* ViewController.swift */; };
		2BA51F4C2852E4E800B27773 /* Main.storyboard in Resources */ = {isa = PBXBuildFile; fileRef = 2BA51F4A2852E4E800B27773 /* Main.storyboard */; };
		2BA51F4E2852E4E800B27773 /* Assets.xcassets in Resources */ = {isa = PBXBuildFile; fileRef = 2BA51F4D2852E4E800B27773 /* Assets.xcassets */; };
		2BA51F512852E4E800B27773 /* LaunchScreen.storyboard in Resources */ = {isa = PBXBuildFile; fileRef = 2BA51F4F2852E4E800B27773 /* LaunchScreen.storyboard */; };
		2BA51F592852F1C200B27773 /* View.xib in Resources */ = {isa = PBXBuildFile; fileRef = 2BA51F582852F1C200B27773 /* View.xib */; };
		2BA51F5D2853179000B27773 /* Viewdemo.xib in Resources */ = {isa = PBXBuildFile; fileRef = 2BA51F5C2853179000B27773 /* Viewdemo.xib */; };
		2BA51F5F2853182500B27773 /* viewdemoViewController.swift in Sources */ = {isa = PBXBuildFile; fileRef = 2BA51F5E2853182500B27773 /* viewdemoViewController.swift */; };
		2BA51F612853234300B27773 /* stackview.swift in Sources */ = {isa = PBXBuildFile; fileRef = 2BA51F602853234300B27773 /* stackview.swift */; };
		2BA51F632853259000B27773 /* alterview.swift in Sources */ = {isa = PBXBuildFile; fileRef = 2BA51F622853259000B27773 /* alterview.swift */; };
		2BA51F6528533DD400B27773 /* myalterViewController.swift in Sources */ = {isa = PBXBuildFile; fileRef = 2BA51F6428533DD400B27773 /* myalterViewController.swift */; };
		D157497E71497FC91DE982E5 /* Pods_firstapp.framework in Frameworks */ = {isa = PBXBuildFile; fileRef = 8FAC09230652A0CD7771B5CD /* Pods_firstapp.framework */; };
/* End PBXBuildFile section */

/* Begin PBXFileReference section */
		2BA51F412852E4E800B27773 /* firstapp.app */ = {isa = PBXFileReference; explicitFileType = wrapper.application; includeInIndex = 0; path = firstapp.app; sourceTree = BUILT_PRODUCTS_DIR; };
		2BA51F442852E4E800B27773 /* AppDelegate.swift */ = {isa = PBXFileReference; lastKnownFileType = sourcecode.swift; path = AppDelegate.swift; sourceTree = "<group>"; };
		2BA51F462852E4E800B27773 /* SceneDelegate.swift */ = {isa = PBXFileReference; lastKnownFileType = sourcecode.swift; path = SceneDelegate.swift; sourceTree = "<group>"; };
		2BA51F482852E4E800B27773 /* ViewController.swift */ = {isa = PBXFileReference; lastKnownFileType = sourcecode.swift; path = ViewController.swift; sourceTree = "<group>"; };
		2BA51F4B2852E4E800B27773 /* Base */ = {isa = PBXFileReference; lastKnownFileType = file.storyboard; name = Base; path = Base.lproj/Main.storyboard; sourceTree = "<group>"; };
		2BA51F4D2852E4E800B27773 /* Assets.xcassets */ = {isa = PBXFileReference; lastKnownFileType = folder.assetcatalog; path = Assets.xcassets; sourceTree = "<group>"; };
		2BA51F502852E4E800B27773 /* Base */ = {isa = PBXFileReference; lastKnownFileType = file.storyboard; name = Base; path = Base.lproj/LaunchScreen.storyboard; sourceTree = "<group>"; };
		2BA51F522852E4E800B27773 /* Info.plist */ = {isa = PBXFileReference; lastKnownFileType = text.plist.xml; path = Info.plist; sourceTree = "<group>"; };
		2BA51F582852F1C200B27773 /* View.xib */ = {isa = PBXFileReference; lastKnownFileType = file.xib; path = View.xib; sourceTree = "<group>"; };
		2BA51F5C2853179000B27773 /* Viewdemo.xib */ = {isa = PBXFileReference; lastKnownFileType = file.xib; path = Viewdemo.xib; sourceTree = "<group>"; };
		2BA51F5E2853182500B27773 /* viewdemoViewController.swift */ = {isa = PBXFileReference; lastKnownFileType = sourcecode.swift; path = viewdemoViewController.swift; sourceTree = "<group>"; };
		2BA51F602853234300B27773 /* stackview.swift */ = {isa = PBXFileReference; lastKnownFileType = sourcecode.swift; path = stackview.swift; sourceTree = "<group>"; };
		2BA51F622853259000B27773 /* alterview.swift */ = {isa = PBXFileReference; lastKnownFileType = sourcecode.swift; path = alterview.swift; sourceTree = "<group>"; };
		2BA51F6428533DD400B27773 /* myalterViewController.swift */ = {isa = PBXFileReference; lastKnownFileType = sourcecode.swift; path = myalterViewController.swift; sourceTree = "<group>"; };
		8FAC09230652A0CD7771B5CD /* Pods_firstapp.framework */ = {isa = PBXFileReference; explicitFileType = wrapper.framework; includeInIndex = 0; path = Pods_firstapp.framework; sourceTree = BUILT_PRODUCTS_DIR; };
		BB2C753B83110FED69C807B4 /* Pods-firstapp.debug.xcconfig */ = {isa = PBXFileReference; includeInIndex = 1; lastKnownFileType = text.xcconfig; name = "Pods-firstapp.debug.xcconfig"; path = "Target Support Files/Pods-firstapp/Pods-firstapp.debug.xcconfig"; sourceTree = "<group>"; };
		CFC2423FC3E4CE7A4EC5EC48 /* Pods-firstapp.release.xcconfig */ = {isa = PBXFileReference; includeInIndex = 1; lastKnownFileType = text.xcconfig; name = "Pods-firstapp.release.xcconfig"; path = "Target Support Files/Pods-firstapp/Pods-firstapp.release.xcconfig"; sourceTree = "<group>"; };
/* End PBXFileReference section */

/* Begin PBXFrameworksBuildPhase section */
		2BA51F3E2852E4E800B27773 /* Frameworks */ = {
			isa = PBXFrameworksBuildPhase;
			buildActionMask = 2147483647;
			files = (
				D157497E71497FC91DE982E5 /* Pods_firstapp.framework in Frameworks */,
			);
			runOnlyForDeploymentPostprocessing = 0;
		};
/* End PBXFrameworksBuildPhase section */

/* Begin PBXGroup section */
		2BA51F382852E4E800B27773 = {
			isa = PBXGroup;
			children = (
				2BA51F432852E4E800B27773 /* firstapp */,
				2BA51F422852E4E800B27773 /* Products */,
				CCED85E2B2115277ABDAA495 /* Pods */,
				FDBEEC5A578B7B8EAA5D92B5 /* Frameworks */,
			);
			sourceTree = "<group>";
		};
		2BA51F422852E4E800B27773 /* Products */ = {
			isa = PBXGroup;
			children = (
				2BA51F412852E4E800B27773 /* firstapp.app */,
			);
			name = Products;
			sourceTree = "<group>";
		};
		2BA51F432852E4E800B27773 /* firstapp */ = {
			isa = PBXGroup;
			children = (
				2BA51F442852E4E800B27773 /* AppDelegate.swift */,
				2BA51F462852E4E800B27773 /* SceneDelegate.swift */,
				2BA51F482852E4E800B27773 /* ViewController.swift */,
				2BA51F4A2852E4E800B27773 /* Main.storyboard */,
				2BA51F4D2852E4E800B27773 /* Assets.xcassets */,
				2BA51F4F2852E4E800B27773 /* LaunchScreen.storyboard */,
				2BA51F522852E4E800B27773 /* Info.plist */,
				2BA51F582852F1C200B27773 /* View.xib */,
				2BA51F5C2853179000B27773 /* Viewdemo.xib */,
				2BA51F5E2853182500B27773 /* viewdemoViewController.swift */,
				2BA51F602853234300B27773 /* stackview.swift */,
				2BA51F622853259000B27773 /* alterview.swift */,
				2BA51F6428533DD400B27773 /* myalterViewController.swift */,
			);
			path = firstapp;
			sourceTree = "<group>";
		};
		CCED85E2B2115277ABDAA495 /* Pods */ = {
			isa = PBXGroup;
			children = (
				BB2C753B83110FED69C807B4 /* Pods-firstapp.debug.xcconfig */,
				CFC2423FC3E4CE7A4EC5EC48 /* Pods-firstapp.release.xcconfig */,
			);
			path = Pods;
			sourceTree = "<group>";
		};
		FDBEEC5A578B7B8EAA5D92B5 /* Frameworks */ = {
			isa = PBXGroup;
			children = (
				8FAC09230652A0CD7771B5CD /* Pods_firstapp.framework */,
			);
			name = Frameworks;
			sourceTree = "<group>";
		};
/* End PBXGroup section */

/* Begin PBXNativeTarget section */
		2BA51F402852E4E800B27773 /* firstapp */ = {
			isa = PBXNativeTarget;
			buildConfigurationList = 2BA51F552852E4E800B27773 /* Build configuration list for PBXNativeTarget "firstapp" */;
			buildPhases = (
				9D2ECADDF2EA1F97D6D363FD /* [CP] Check Pods Manifest.lock */,
				2BA51F3D2852E4E800B27773 /* Sources */,
				2BA51F3E2852E4E800B27773 /* Frameworks */,
				2BA51F3F2852E4E800B27773 /* Resources */,
				799F44BFA9AE7A22D7B1928B /* [CP] Embed Pods Frameworks */,
			);
			buildRules = (
			);
			dependencies = (
			);
			name = firstapp;
			productName = firstapp;
			productReference = 2BA51F412852E4E800B27773 /* firstapp.app */;
			productType = "com.apple.product-type.application";
		};
/* End PBXNativeTarget section */

/* Begin PBXProject section */
		2BA51F392852E4E800B27773 /* Project object */ = {
			isa = PBXProject;
			attributes = {
				BuildIndependentTargetsInParallel = 1;
				LastSwiftUpdateCheck = 1340;
				LastUpgradeCheck = 1340;
				TargetAttributes = {
					2BA51F402852E4E800B27773 = {
						CreatedOnToolsVersion = 13.4.1;
					};
				};
			};
			buildConfigurationList = 2BA51F3C2852E4E800B27773 /* Build configuration list for PBXProject "firstapp" */;
			compatibilityVersion = "Xcode 13.0";
			developmentRegion = en;
			hasScannedForEncodings = 0;
			knownRegions = (
				en,
				Base,
			);
			mainGroup = 2BA51F382852E4E800B27773;
			productRefGroup = 2BA51F422852E4E800B27773 /* Products */;
			projectDirPath = "";
			projectRoot = "";
			targets = (
				2BA51F402852E4E800B27773 /* firstapp */,
			);
		};
/* End PBXProject section */

/* Begin PBXResourcesBuildPhase section */
		2BA51F3F2852E4E800B27773 /* Resources */ = {
			isa = PBXResourcesBuildPhase;
			buildActionMask = 2147483647;
			files = (
				2BA51F5D2853179000B27773 /* Viewdemo.xib in Resources */,
				2BA51F592852F1C200B27773 /* View.xib in Resources */,
				2BA51F512852E4E800B27773 /* LaunchScreen.storyboard in Resources */,
				2BA51F4E2852E4E800B27773 /* Assets.xcassets in Resources */,
				2BA51F4C2852E4E800B27773 /* Main.storyboard in Resources */,
			);
			runOnlyForDeploymentPostprocessing = 0;
		};
/* End PBXResourcesBuildPhase section */

/* Begin PBXShellScriptBuildPhase section */
		799F44BFA9AE7A22D7B1928B /* [CP] Embed Pods Frameworks */ = {
			isa = PBXShellScriptBuildPhase;
			buildActionMask = 2147483647;
			files = (
			);
			inputFileListPaths = (
				"${PODS_ROOT}/Target Support Files/Pods-firstapp/Pods-firstapp-frameworks-${CONFIGURATION}-input-files.xcfilelist",
			);
			name = "[CP] Embed Pods Frameworks";
			outputFileListPaths = (
				"${PODS_ROOT}/Target Support Files/Pods-firstapp/Pods-firstapp-frameworks-${CONFIGURATION}-output-files.xcfilelist",
			);
			runOnlyForDeploymentPostprocessing = 0;
			shellPath = /bin/sh;
			shellScript = "\"${PODS_ROOT}/Target Support Files/Pods-firstapp/Pods-firstapp-frameworks.sh\"\n";
			showEnvVarsInLog = 0;
		};
		9D2ECADDF2EA1F97D6D363FD /* [CP] Check Pods Manifest.lock */ = {
			isa = PBXShellScriptBuildPhase;
			buildActionMask = 2147483647;
			files = (
			);
			inputFileListPaths = (
			);
			inputPaths = (
				"${PODS_PODFILE_DIR_PATH}/Podfile.lock",
				"${PODS_ROOT}/Manifest.lock",
			);
			name = "[CP] Check Pods Manifest.lock";
			outputFileListPaths = (
			);
			outputPaths = (
				"$(DERIVED_FILE_DIR)/Pods-firstapp-checkManifestLockResult.txt",
			);
			runOnlyForDeploymentPostprocessing = 0;
			shellPath = /bin/sh;
			shellScript = "diff \"${PODS_PODFILE_DIR_PATH}/Podfile.lock\" \"${PODS_ROOT}/Manifest.lock\" > /dev/null\nif [ $? != 0 ] ; then\n    # print error to STDERR\n    echo \"error: The sandbox is not in sync with the Podfile.lock. Run 'pod install' or update your CocoaPods installation.\" >&2\n    exit 1\nfi\n# This output is used by Xcode 'outputs' to avoid re-running this script phase.\necho \"SUCCESS\" > \"${SCRIPT_OUTPUT_FILE_0}\"\n";
			showEnvVarsInLog = 0;
		};
/* End PBXShellScriptBuildPhase section */

/* Begin PBXSourcesBuildPhase section */
		2BA51F3D2852E4E800B27773 /* Sources */ = {
			isa = PBXSourcesBuildPhase;
			buildActionMask = 2147483647;
			files = (
				2BA51F492852E4E800B27773 /* ViewController.swift in Sources */,
				2BA51F6528533DD400B27773 /* myalterViewController.swift in Sources */,
				2BA51F632853259000B27773 /* alterview.swift in Sources */,
				2BA51F452852E4E800B27773 /* AppDelegate.swift in Sources */,
				2BA51F5F2853182500B27773 /* viewdemoViewController.swift in Sources */,
				2BA51F472852E4E800B27773 /* SceneDelegate.swift in Sources */,
				2BA51F612853234300B27773 /* stackview.swift in Sources */,
			);
			runOnlyForDeploymentPostprocessing = 0;
		};
/* End PBXSourcesBuildPhase section */

/* Begin PBXVariantGroup section */
		2BA51F4A2852E4E800B27773 /* Main.storyboard */ = {
			isa = PBXVariantGroup;
			children = (
				2BA51F4B2852E4E800B27773 /* Base */,
			);
			name = Main.storyboard;
			sourceTree = "<group>";
		};
		2BA51F4F2852E4E800B27773 /* LaunchScreen.storyboard */ = {
			isa = PBXVariantGroup;
			children = (
				2BA51F502852E4E800B27773 /* Base */,
			);
			name = LaunchScreen.storyboard;
			sourceTree = "<group>";
		};
/* End PBXVariantGroup section */

/* Begin XCBuildConfiguration section */
		2BA51F532852E4E800B27773 /* Debug */ = {
			isa = XCBuildConfiguration;
			buildSettings = {
				ALWAYS_SEARCH_USER_PATHS = NO;
				CLANG_ANALYZER_NONNULL = YES;
				CLANG_ANALYZER_NUMBER_OBJECT_CONVERSION = YES_AGGRESSIVE;
				CLANG_CXX_LANGUAGE_STANDARD = "gnu++17";
				CLANG_ENABLE_MODULES = YES;
				CLANG_ENABLE_OBJC_ARC = YES;
				CLANG_ENABLE_OBJC_WEAK = YES;
				CLANG_WARN_BLOCK_CAPTURE_AUTORELEASING = YES;
				CLANG_WARN_BOOL_CONVERSION = YES;
				CLANG_WARN_COMMA = YES;
				CLANG_WARN_CONSTANT_CONVERSION = YES;
				CLANG_WARN_DEPRECATED_OBJC_IMPLEMENTATIONS = YES;
				CLANG_WARN_DIRECT_OBJC_ISA_USAGE = YES_ERROR;
				CLANG_WARN_DOCUMENTATION_COMMENTS = YES;
				CLANG_WARN_EMPTY_BODY = YES;
				CLANG_WARN_ENUM_CONVERSION = YES;
				CLANG_WARN_INFINITE_RECURSION = YES;
				CLANG_WARN_INT_CONVERSION = YES;
				CLANG_WARN_NON_LITERAL_NULL_CONVERSION = YES;
				CLANG_WARN_OBJC_IMPLICIT_RETAIN_SELF = YES;
				CLANG_WARN_OBJC_LITERAL_CONVERSION = YES;
				CLANG_WARN_OBJC_ROOT_CLASS = YES_ERROR;
				CLANG_WARN_QUOTED_INCLUDE_IN_FRAMEWORK_HEADER = YES;
				CLANG_WARN_RANGE_LOOP_ANALYSIS = YES;
				CLANG_WARN_STRICT_PROTOTYPES = YES;
				CLANG_WARN_SUSPICIOUS_MOVE = YES;
				CLANG_WARN_UNGUARDED_AVAILABILITY = YES_AGGRESSIVE;
				CLANG_WARN_UNREACHABLE_CODE = YES;
				CLANG_WARN__DUPLICATE_METHOD_MATCH = YES;
				COPY_PHASE_STRIP = NO;
				DEBUG_INFORMATION_FORMAT = dwarf;
				ENABLE_STRICT_OBJC_MSGSEND = YES;
				ENABLE_TESTABILITY = YES;
				GCC_C_LANGUAGE_STANDARD = gnu11;
				GCC_DYNAMIC_NO_PIC = NO;
				GCC_NO_COMMON_BLOCKS = YES;
				GCC_OPTIMIZATION_LEVEL = 0;
				GCC_PREPROCESSOR_DEFINITIONS = (
					"DEBUG=1",
					"$(inherited)",
				);
				GCC_WARN_64_TO_32_BIT_CONVERSION = YES;
				GCC_WARN_ABOUT_RETURN_TYPE = YES_ERROR;
				GCC_WARN_UNDECLARED_SELECTOR = YES;
				GCC_WARN_UNINITIALIZED_AUTOS = YES_AGGRESSIVE;
				GCC_WARN_UNUSED_FUNCTION = YES;
				GCC_WARN_UNUSED_VARIABLE = YES;
				IPHONEOS_DEPLOYMENT_TARGET = 15.5;
				MTL_ENABLE_DEBUG_INFO = INCLUDE_SOURCE;
				MTL_FAST_MATH = YES;
				ONLY_ACTIVE_ARCH = YES;
				SDKROOT = iphoneos;
				SWIFT_ACTIVE_COMPILATION_CONDITIONS = DEBUG;
				SWIFT_OPTIMIZATION_LEVEL = "-Onone";
			};
			name = Debug;
		};
		2BA51F542852E4E800B27773 /* Release */ = {
			isa = XCBuildConfiguration;
			buildSettings = {
				ALWAYS_SEARCH_USER_PATHS = NO;
				CLANG_ANALYZER_NONNULL = YES;
				CLANG_ANALYZER_NUMBER_OBJECT_CONVERSION = YES_AGGRESSIVE;
				CLANG_CXX_LANGUAGE_STANDARD = "gnu++17";
				CLANG_ENABLE_MODULES = YES;
				CLANG_ENABLE_OBJC_ARC = YES;
				CLANG_ENABLE_OBJC_WEAK = YES;
				CLANG_WARN_BLOCK_CAPTURE_AUTORELEASING = YES;
				CLANG_WARN_BOOL_CONVERSION = YES;
				CLANG_WARN_COMMA = YES;
				CLANG_WARN_CONSTANT_CONVERSION = YES;
				CLANG_WARN_DEPRECATED_OBJC_IMPLEMENTATIONS = YES;
				CLANG_WARN_DIRECT_OBJC_ISA_USAGE = YES_ERROR;
				CLANG_WARN_DOCUMENTATION_COMMENTS = YES;
				CLANG_WARN_EMPTY_BODY = YES;
				CLANG_WARN_ENUM_CONVERSION = YES;
				CLANG_WARN_INFINITE_RECURSION = YES;
				CLANG_WARN_INT_CONVERSION = YES;
				CLANG_WARN_NON_LITERAL_NULL_CONVERSION = YES;
				CLANG_WARN_OBJC_IMPLICIT_RETAIN_SELF = YES;
				CLANG_WARN_OBJC_LITERAL_CONVERSION = YES;
				CLANG_WARN_OBJC_ROOT_CLASS = YES_ERROR;
				CLANG_WARN_QUOTED_INCLUDE_IN_FRAMEWORK_HEADER = YES;
				CLANG_WARN_RANGE_LOOP_ANALYSIS = YES;
				CLANG_WARN_STRICT_PROTOTYPES = YES;
				CLANG_WARN_SUSPICIOUS_MOVE = YES;
				CLANG_WARN_UNGUARDED_AVAILABILITY = YES_AGGRESSIVE;
				CLANG_WARN_UNREACHABLE_CODE = YES;
				CLANG_WARN__DUPLICATE_METHOD_MATCH = YES;
				COPY_PHASE_STRIP = NO;
				DEBUG_INFORMATION_FORMAT = "dwarf-with-dsym";
				ENABLE_NS_ASSERTIONS = NO;
				ENABLE_STRICT_OBJC_MSGSEND = YES;
				GCC_C_LANGUAGE_STANDARD = gnu11;
				GCC_NO_COMMON_BLOCKS = YES;
				GCC_WARN_64_TO_32_BIT_CONVERSION = YES;
				GCC_WARN_ABOUT_RETURN_TYPE = YES_ERROR;
				GCC_WARN_UNDECLARED_SELECTOR = YES;
				GCC_WARN_UNINITIALIZED_AUTOS = YES_AGGRESSIVE;
				GCC_WARN_UNUSED_FUNCTION = YES;
				GCC_WARN_UNUSED_VARIABLE = YES;
				IPHONEOS_DEPLOYMENT_TARGET = 15.5;
				MTL_ENABLE_DEBUG_INFO = NO;
				MTL_FAST_MATH = YES;
				SDKROOT = iphoneos;
				SWIFT_COMPILATION_MODE = wholemodule;
				SWIFT_OPTIMIZATION_LEVEL = "-O";
				VALIDATE_PRODUCT = YES;
			};
			name = Release;
		};
		2BA51F562852E4E800B27773 /* Debug */ = {
			isa = XCBuildConfiguration;
			baseConfigurationReference = BB2C753B83110FED69C807B4 /* Pods-firstapp.debug.xcconfig */;
			buildSettings = {
				ASSETCATALOG_COMPILER_APPICON_NAME = AppIcon;
				ASSETCATALOG_COMPILER_GLOBAL_ACCENT_COLOR_NAME = AccentColor;
				CODE_SIGN_STYLE = Automatic;
				CURRENT_PROJECT_VERSION = 1;
				GENERATE_INFOPLIST_FILE = YES;
				INFOPLIST_FILE = firstapp/Info.plist;
				INFOPLIST_KEY_UIApplicationSupportsIndirectInputEvents = YES;
				INFOPLIST_KEY_UILaunchStoryboardName = LaunchScreen;
				INFOPLIST_KEY_UIMainStoryboardFile = Main;
				INFOPLIST_KEY_UISupportedInterfaceOrientations_iPad = "UIInterfaceOrientationPortrait UIInterfaceOrientationPortraitUpsideDown UIInterfaceOrientationLandscapeLeft UIInterfaceOrientationLandscapeRight";
				INFOPLIST_KEY_UISupportedInterfaceOrientations_iPhone = "UIInterfaceOrientationPortrait UIInterfaceOrientationLandscapeLeft UIInterfaceOrientationLandscapeRight";
				LD_RUNPATH_SEARCH_PATHS = (
					"$(inherited)",
					"@executable_path/Frameworks",
				);
				MARKETING_VERSION = 1.0;
				PRODUCT_BUNDLE_IDENTIFIER = jiangxiangrui.bytedance.firstapp;
				PRODUCT_NAME = "$(TARGET_NAME)";
				SWIFT_EMIT_LOC_STRINGS = YES;
				SWIFT_VERSION = 5.0;
				TARGETED_DEVICE_FAMILY = "1,2";
			};
			name = Debug;
		};
		2BA51F572852E4E800B27773 /* Release */ = {
			isa = XCBuildConfiguration;
			baseConfigurationReference = CFC2423FC3E4CE7A4EC5EC48 /* Pods-firstapp.release.xcconfig */;
			buildSettings = {
				ASSETCATALOG_COMPILER_APPICON_NAME = AppIcon;
				ASSETCATALOG_COMPILER_GLOBAL_ACCENT_COLOR_NAME = AccentColor;
				CODE_SIGN_STYLE = Automatic;
				CURRENT_PROJECT_VERSION = 1;
				GENERATE_INFOPLIST_FILE = YES;
				INFOPLIST_FILE = firstapp/Info.plist;
				INFOPLIST_KEY_UIApplicationSupportsIndirectInputEvents = YES;
				INFOPLIST_KEY_UILaunchStoryboardName = LaunchScreen;
				INFOPLIST_KEY_UIMainStoryboardFile = Main;
				INFOPLIST_KEY_UISupportedInterfaceOrientations_iPad = "UIInterfaceOrientationPortrait UIInterfaceOrientationPortraitUpsideDown UIInterfaceOrientationLandscapeLeft UIInterfaceOrientationLandscapeRight";
				INFOPLIST_KEY_UISupportedInterfaceOrientations_iPhone = "UIInterfaceOrientationPortrait UIInterfaceOrientationLandscapeLeft UIInterfaceOrientationLandscapeRight";
				LD_RUNPATH_SEARCH_PATHS = (
					"$(inherited)",
					"@executable_path/Frameworks",
				);
				MARKETING_VERSION = 1.0;
				PRODUCT_BUNDLE_IDENTIFIER = jiangxiangrui.bytedance.firstapp;
				PRODUCT_NAME = "$(TARGET_NAME)";
				SWIFT_EMIT_LOC_STRINGS = YES;
				SWIFT_VERSION = 5.0;
				TARGETED_DEVICE_FAMILY = "1,2";
			};
			name = Release;
		};
/* End XCBuildConfiguration section */

/* Begin XCConfigurationList section */
		2BA51F3C2852E4E800B27773 /* Build configuration list for PBXProject "firstapp" */ = {
			isa = XCConfigurationList;
			buildConfigurations = (
				2BA51F532852E4E800B27773 /* Debug */,
				2BA51F542852E4E800B27773 /* Release */,
			);
			defaultConfigurationIsVisible = 0;
			defaultConfigurationName = Release;
		};
		2BA51F552852E4E800B27773 /* Build configuration list for PBXNativeTarget "firstapp" */ = {
			isa = XCConfigurationList;
			buildConfigurations = (
				2BA51F562852E4E800B27773 /* Debug */,
				2BA51F572852E4E800B27773 /* Release */,
			);
			defaultConfigurationIsVisible = 0;
			defaultConfigurationName = Release;
		};
/* End XCConfigurationList section */
	};
	rootObject = 2BA51F392852E4E800B27773 /* Project object */;
}
