// !$*UTF8*$!
{
	archiveVersion = 1;
	classes = {
	};
	objectVersion = 55;
	objects = {

/* Begin PBXBuildFile section */
		2B7E3B3C285AFFEE00E1587B /* AppDelegate.swift in Sources */ = {isa = PBXBuildFile; fileRef = 2B7E3B3B285AFFEE00E1587B /* AppDelegate.swift */; };
		2B7E3B45285AFFEF00E1587B /* Assets.xcassets in Resources */ = {isa = PBXBuildFile; fileRef = 2B7E3B44285AFFEF00E1587B /* Assets.xcassets */; };
		2B7E3B55285B15DE00E1587B /* ScrollViewController.swift in Sources */ = {isa = PBXBuildFile; fileRef = 2B7E3B54285B15DE00E1587B /* ScrollViewController.swift */; };
		2B7E3B59285B526600E1587B /* TaskTableView.swift in Sources */ = {isa = PBXBuildFile; fileRef = 2B7E3B58285B526600E1587B /* TaskTableView.swift */; };
		2B7E3B5B285B543300E1587B /* TaskItem.swift in Sources */ = {isa = PBXBuildFile; fileRef = 2B7E3B5A285B543300E1587B /* TaskItem.swift */; };
		2B7E3B5D285B571A00E1587B /* TaskStore.swift in Sources */ = {isa = PBXBuildFile; fileRef = 2B7E3B5C285B571A00E1587B /* TaskStore.swift */; };
		2B7E3B5F285C1FE700E1587B /* TaskViewCell.swift in Sources */ = {isa = PBXBuildFile; fileRef = 2B7E3B5E285C1FE700E1587B /* TaskViewCell.swift */; };
		5358F557A1E9C28A5DC087AE /* Pods_tableviewdemo.framework in Frameworks */ = {isa = PBXBuildFile; fileRef = 34140B07FB91B9DD6330A351 /* Pods_tableviewdemo.framework */; };
/* End PBXBuildFile section */

/* Begin PBXFileReference section */
		2869BEC819505C0E0282143C /* Pods-tableviewdemo.release.xcconfig */ = {isa = PBXFileReference; includeInIndex = 1; lastKnownFileType = text.xcconfig; name = "Pods-tableviewdemo.release.xcconfig"; path = "Target Support Files/Pods-tableviewdemo/Pods-tableviewdemo.release.xcconfig"; sourceTree = "<group>"; };
		2B7E3B38285AFFEE00E1587B /* tableviewdemo.app */ = {isa = PBXFileReference; explicitFileType = wrapper.application; includeInIndex = 0; path = tableviewdemo.app; sourceTree = BUILT_PRODUCTS_DIR; };
		2B7E3B3B285AFFEE00E1587B /* AppDelegate.swift */ = {isa = PBXFileReference; lastKnownFileType = sourcecode.swift; path = AppDelegate.swift; sourceTree = "<group>"; };
		2B7E3B44285AFFEF00E1587B /* Assets.xcassets */ = {isa = PBXFileReference; lastKnownFileType = folder.assetcatalog; path = Assets.xcassets; sourceTree = "<group>"; };
		2B7E3B49285AFFEF00E1587B /* Info.plist */ = {isa = PBXFileReference; lastKnownFileType = text.plist.xml; path = Info.plist; sourceTree = "<group>"; };
		2B7E3B54285B15DE00E1587B /* ScrollViewController.swift */ = {isa = PBXFileReference; lastKnownFileType = sourcecode.swift; path = ScrollViewController.swift; sourceTree = "<group>"; };
		2B7E3B58285B526600E1587B /* TaskTableView.swift */ = {isa = PBXFileReference; lastKnownFileType = sourcecode.swift; path = TaskTableView.swift; sourceTree = "<group>"; };
		2B7E3B5A285B543300E1587B /* TaskItem.swift */ = {isa = PBXFileReference; lastKnownFileType = sourcecode.swift; path = TaskItem.swift; sourceTree = "<group>"; };
		2B7E3B5C285B571A00E1587B /* TaskStore.swift */ = {isa = PBXFileReference; lastKnownFileType = sourcecode.swift; path = TaskStore.swift; sourceTree = "<group>"; };
		2B7E3B5E285C1FE700E1587B /* TaskViewCell.swift */ = {isa = PBXFileReference; lastKnownFileType = sourcecode.swift; path = TaskViewCell.swift; sourceTree = "<group>"; };
		34140B07FB91B9DD6330A351 /* Pods_tableviewdemo.framework */ = {isa = PBXFileReference; explicitFileType = wrapper.framework; includeInIndex = 0; path = Pods_tableviewdemo.framework; sourceTree = BUILT_PRODUCTS_DIR; };
		54D4AA77900095F272360D2A /* Pods-tableviewdemo.debug.xcconfig */ = {isa = PBXFileReference; includeInIndex = 1; lastKnownFileType = text.xcconfig; name = "Pods-tableviewdemo.debug.xcconfig"; path = "Target Support Files/Pods-tableviewdemo/Pods-tableviewdemo.debug.xcconfig"; sourceTree = "<group>"; };
/* End PBXFileReference section */

/* Begin PBXFrameworksBuildPhase section */
		2B7E3B35285AFFEE00E1587B /* Frameworks */ = {
			isa = PBXFrameworksBuildPhase;
			buildActionMask = 2147483647;
			files = (
				5358F557A1E9C28A5DC087AE /* Pods_tableviewdemo.framework in Frameworks */,
			);
			runOnlyForDeploymentPostprocessing = 0;
		};
/* End PBXFrameworksBuildPhase section */

/* Begin PBXGroup section */
		2B7E3B2F285AFFEE00E1587B = {
			isa = PBXGroup;
			children = (
				2B7E3B3A285AFFEE00E1587B /* tableviewdemo */,
				2B7E3B39285AFFEE00E1587B /* Products */,
				3495D547AAB3904E4A4714FD /* Pods */,
				55C16251749B8F621414ADBC /* Frameworks */,
			);
			sourceTree = "<group>";
		};
		2B7E3B39285AFFEE00E1587B /* Products */ = {
			isa = PBXGroup;
			children = (
				2B7E3B38285AFFEE00E1587B /* tableviewdemo.app */,
			);
			name = Products;
			sourceTree = "<group>";
		};
		2B7E3B3A285AFFEE00E1587B /* tableviewdemo */ = {
			isa = PBXGroup;
			children = (
				2B7E3B53285B15BC00E1587B /* Controller */,
				2B7E3B3B285AFFEE00E1587B /* AppDelegate.swift */,
				2B7E3B44285AFFEF00E1587B /* Assets.xcassets */,
				2B7E3B49285AFFEF00E1587B /* Info.plist */,
			);
			path = tableviewdemo;
			sourceTree = "<group>";
		};
		2B7E3B53285B15BC00E1587B /* Controller */ = {
			isa = PBXGroup;
			children = (
				2B7E3B54285B15DE00E1587B /* ScrollViewController.swift */,
				2B7E3B58285B526600E1587B /* TaskTableView.swift */,
				2B7E3B5A285B543300E1587B /* TaskItem.swift */,
				2B7E3B5C285B571A00E1587B /* TaskStore.swift */,
				2B7E3B5E285C1FE700E1587B /* TaskViewCell.swift */,
			);
			path = Controller;
			sourceTree = "<group>";
		};
		3495D547AAB3904E4A4714FD /* Pods */ = {
			isa = PBXGroup;
			children = (
				54D4AA77900095F272360D2A /* Pods-tableviewdemo.debug.xcconfig */,
				2869BEC819505C0E0282143C /* Pods-tableviewdemo.release.xcconfig */,
			);
			path = Pods;
			sourceTree = "<group>";
		};
		55C16251749B8F621414ADBC /* Frameworks */ = {
			isa = PBXGroup;
			children = (
				34140B07FB91B9DD6330A351 /* Pods_tableviewdemo.framework */,
			);
			name = Frameworks;
			sourceTree = "<group>";
		};
/* End PBXGroup section */

/* Begin PBXNativeTarget section */
		2B7E3B37285AFFEE00E1587B /* tableviewdemo */ = {
			isa = PBXNativeTarget;
			buildConfigurationList = 2B7E3B4C285AFFEF00E1587B /* Build configuration list for PBXNativeTarget "tableviewdemo" */;
			buildPhases = (
				EB7273BC870B1273DC0A6CF2 /* [CP] Check Pods Manifest.lock */,
				2B7E3B34285AFFEE00E1587B /* Sources */,
				2B7E3B35285AFFEE00E1587B /* Frameworks */,
				2B7E3B36285AFFEE00E1587B /* Resources */,
				23F26994ADDF0D35135F515D /* [CP] Embed Pods Frameworks */,
			);
			buildRules = (
			);
			dependencies = (
			);
			name = tableviewdemo;
			productName = tableviewdemo;
			productReference = 2B7E3B38285AFFEE00E1587B /* tableviewdemo.app */;
			productType = "com.apple.product-type.application";
		};
/* End PBXNativeTarget section */

/* Begin PBXProject section */
		2B7E3B30285AFFEE00E1587B /* Project object */ = {
			isa = PBXProject;
			attributes = {
				BuildIndependentTargetsInParallel = 1;
				LastSwiftUpdateCheck = 1340;
				LastUpgradeCheck = 1340;
				TargetAttributes = {
					2B7E3B37285AFFEE00E1587B = {
						CreatedOnToolsVersion = 13.4.1;
					};
				};
			};
			buildConfigurationList = 2B7E3B33285AFFEE00E1587B /* Build configuration list for PBXProject "tableviewdemo" */;
			compatibilityVersion = "Xcode 13.0";
			developmentRegion = en;
			hasScannedForEncodings = 0;
			knownRegions = (
				en,
				Base,
			);
			mainGroup = 2B7E3B2F285AFFEE00E1587B;
			productRefGroup = 2B7E3B39285AFFEE00E1587B /* Products */;
			projectDirPath = "";
			projectRoot = "";
			targets = (
				2B7E3B37285AFFEE00E1587B /* tableviewdemo */,
			);
		};
/* End PBXProject section */

/* Begin PBXResourcesBuildPhase section */
		2B7E3B36285AFFEE00E1587B /* Resources */ = {
			isa = PBXResourcesBuildPhase;
			buildActionMask = 2147483647;
			files = (
				2B7E3B45285AFFEF00E1587B /* Assets.xcassets in Resources */,
			);
			runOnlyForDeploymentPostprocessing = 0;
		};
/* End PBXResourcesBuildPhase section */

/* Begin PBXShellScriptBuildPhase section */
		23F26994ADDF0D35135F515D /* [CP] Embed Pods Frameworks */ = {
			isa = PBXShellScriptBuildPhase;
			buildActionMask = 2147483647;
			files = (
			);
			inputFileListPaths = (
				"${PODS_ROOT}/Target Support Files/Pods-tableviewdemo/Pods-tableviewdemo-frameworks-${CONFIGURATION}-input-files.xcfilelist",
			);
			name = "[CP] Embed Pods Frameworks";
			outputFileListPaths = (
				"${PODS_ROOT}/Target Support Files/Pods-tableviewdemo/Pods-tableviewdemo-frameworks-${CONFIGURATION}-output-files.xcfilelist",
			);
			runOnlyForDeploymentPostprocessing = 0;
			shellPath = /bin/sh;
			shellScript = "\"${PODS_ROOT}/Target Support Files/Pods-tableviewdemo/Pods-tableviewdemo-frameworks.sh\"\n";
			showEnvVarsInLog = 0;
		};
		EB7273BC870B1273DC0A6CF2 /* [CP] Check Pods Manifest.lock */ = {
			isa = PBXShellScriptBuildPhase;
			buildActionMask = 2147483647;
			files = (
			);
			inputFileListPaths = (
			);
			inputPaths = (
				"${PODS_PODFILE_DIR_PATH}/Podfile.lock",
				"${PODS_ROOT}/Manifest.lock",
			);
			name = "[CP] Check Pods Manifest.lock";
			outputFileListPaths = (
			);
			outputPaths = (
				"$(DERIVED_FILE_DIR)/Pods-tableviewdemo-checkManifestLockResult.txt",
			);
			runOnlyForDeploymentPostprocessing = 0;
			shellPath = /bin/sh;
			shellScript = "diff \"${PODS_PODFILE_DIR_PATH}/Podfile.lock\" \"${PODS_ROOT}/Manifest.lock\" > /dev/null\nif [ $? != 0 ] ; then\n    # print error to STDERR\n    echo \"error: The sandbox is not in sync with the Podfile.lock. Run 'pod install' or update your CocoaPods installation.\" >&2\n    exit 1\nfi\n# This output is used by Xcode 'outputs' to avoid re-running this script phase.\necho \"SUCCESS\" > \"${SCRIPT_OUTPUT_FILE_0}\"\n";
			showEnvVarsInLog = 0;
		};
/* End PBXShellScriptBuildPhase section */

/* Begin PBXSourcesBuildPhase section */
		2B7E3B34285AFFEE00E1587B /* Sources */ = {
			isa = PBXSourcesBuildPhase;
			buildActionMask = 2147483647;
			files = (
				2B7E3B59285B526600E1587B /* TaskTableView.swift in Sources */,
				2B7E3B5D285B571A00E1587B /* TaskStore.swift in Sources */,
				2B7E3B55285B15DE00E1587B /* ScrollViewController.swift in Sources */,
				2B7E3B3C285AFFEE00E1587B /* AppDelegate.swift in Sources */,
				2B7E3B5F285C1FE700E1587B /* TaskViewCell.swift in Sources */,
				2B7E3B5B285B543300E1587B /* TaskItem.swift in Sources */,
			);
			runOnlyForDeploymentPostprocessing = 0;
		};
/* End PBXSourcesBuildPhase section */

/* Begin XCBuildConfiguration section */
		2B7E3B4A285AFFEF00E1587B /* Debug */ = {
			isa = XCBuildConfiguration;
			buildSettings = {
				ALWAYS_SEARCH_USER_PATHS = NO;
				CLANG_ANALYZER_NONNULL = YES;
				CLANG_ANALYZER_NUMBER_OBJECT_CONVERSION = YES_AGGRESSIVE;
				CLANG_CXX_LANGUAGE_STANDARD = "gnu++17";
				CLANG_ENABLE_MODULES = YES;
				CLANG_ENABLE_OBJC_ARC = YES;
				CLANG_ENABLE_OBJC_WEAK = YES;
				CLANG_WARN_BLOCK_CAPTURE_AUTORELEASING = YES;
				CLANG_WARN_BOOL_CONVERSION = YES;
				CLANG_WARN_COMMA = YES;
				CLANG_WARN_CONSTANT_CONVERSION = YES;
				CLANG_WARN_DEPRECATED_OBJC_IMPLEMENTATIONS = YES;
				CLANG_WARN_DIRECT_OBJC_ISA_USAGE = YES_ERROR;
				CLANG_WARN_DOCUMENTATION_COMMENTS = YES;
				CLANG_WARN_EMPTY_BODY = YES;
				CLANG_WARN_ENUM_CONVERSION = YES;
				CLANG_WARN_INFINITE_RECURSION = YES;
				CLANG_WARN_INT_CONVERSION = YES;
				CLANG_WARN_NON_LITERAL_NULL_CONVERSION = YES;
				CLANG_WARN_OBJC_IMPLICIT_RETAIN_SELF = YES;
				CLANG_WARN_OBJC_LITERAL_CONVERSION = YES;
				CLANG_WARN_OBJC_ROOT_CLASS = YES_ERROR;
				CLANG_WARN_QUOTED_INCLUDE_IN_FRAMEWORK_HEADER = YES;
				CLANG_WARN_RANGE_LOOP_ANALYSIS = YES;
				CLANG_WARN_STRICT_PROTOTYPES = YES;
				CLANG_WARN_SUSPICIOUS_MOVE = YES;
				CLANG_WARN_UNGUARDED_AVAILABILITY = YES_AGGRESSIVE;
				CLANG_WARN_UNREACHABLE_CODE = YES;
				CLANG_WARN__DUPLICATE_METHOD_MATCH = YES;
				COPY_PHASE_STRIP = NO;
				DEBUG_INFORMATION_FORMAT = dwarf;
				ENABLE_STRICT_OBJC_MSGSEND = YES;
				ENABLE_TESTABILITY = YES;
				GCC_C_LANGUAGE_STANDARD = gnu11;
				GCC_DYNAMIC_NO_PIC = NO;
				GCC_NO_COMMON_BLOCKS = YES;
				GCC_OPTIMIZATION_LEVEL = 0;
				GCC_PREPROCESSOR_DEFINITIONS = (
					"DEBUG=1",
					"$(inherited)",
				);
				GCC_WARN_64_TO_32_BIT_CONVERSION = YES;
				GCC_WARN_ABOUT_RETURN_TYPE = YES_ERROR;
				GCC_WARN_UNDECLARED_SELECTOR = YES;
				GCC_WARN_UNINITIALIZED_AUTOS = YES_AGGRESSIVE;
				GCC_WARN_UNUSED_FUNCTION = YES;
				GCC_WARN_UNUSED_VARIABLE = YES;
				IPHONEOS_DEPLOYMENT_TARGET = 15.5;
				MTL_ENABLE_DEBUG_INFO = INCLUDE_SOURCE;
				MTL_FAST_MATH = YES;
				ONLY_ACTIVE_ARCH = YES;
				SDKROOT = iphoneos;
				SWIFT_ACTIVE_COMPILATION_CONDITIONS = DEBUG;
				SWIFT_OPTIMIZATION_LEVEL = "-Onone";
			};
			name = Debug;
		};
		2B7E3B4B285AFFEF00E1587B /* Release */ = {
			isa = XCBuildConfiguration;
			buildSettings = {
				ALWAYS_SEARCH_USER_PATHS = NO;
				CLANG_ANALYZER_NONNULL = YES;
				CLANG_ANALYZER_NUMBER_OBJECT_CONVERSION = YES_AGGRESSIVE;
				CLANG_CXX_LANGUAGE_STANDARD = "gnu++17";
				CLANG_ENABLE_MODULES = YES;
				CLANG_ENABLE_OBJC_ARC = YES;
				CLANG_ENABLE_OBJC_WEAK = YES;
				CLANG_WARN_BLOCK_CAPTURE_AUTORELEASING = YES;
				CLANG_WARN_BOOL_CONVERSION = YES;
				CLANG_WARN_COMMA = YES;
				CLANG_WARN_CONSTANT_CONVERSION = YES;
				CLANG_WARN_DEPRECATED_OBJC_IMPLEMENTATIONS = YES;
				CLANG_WARN_DIRECT_OBJC_ISA_USAGE = YES_ERROR;
				CLANG_WARN_DOCUMENTATION_COMMENTS = YES;
				CLANG_WARN_EMPTY_BODY = YES;
				CLANG_WARN_ENUM_CONVERSION = YES;
				CLANG_WARN_INFINITE_RECURSION = YES;
				CLANG_WARN_INT_CONVERSION = YES;
				CLANG_WARN_NON_LITERAL_NULL_CONVERSION = YES;
				CLANG_WARN_OBJC_IMPLICIT_RETAIN_SELF = YES;
				CLANG_WARN_OBJC_LITERAL_CONVERSION = YES;
				CLANG_WARN_OBJC_ROOT_CLASS = YES_ERROR;
				CLANG_WARN_QUOTED_INCLUDE_IN_FRAMEWORK_HEADER = YES;
				CLANG_WARN_RANGE_LOOP_ANALYSIS = YES;
				CLANG_WARN_STRICT_PROTOTYPES = YES;
				CLANG_WARN_SUSPICIOUS_MOVE = YES;
				CLANG_WARN_UNGUARDED_AVAILABILITY = YES_AGGRESSIVE;
				CLANG_WARN_UNREACHABLE_CODE = YES;
				CLANG_WARN__DUPLICATE_METHOD_MATCH = YES;
				COPY_PHASE_STRIP = NO;
				DEBUG_INFORMATION_FORMAT = "dwarf-with-dsym";
				ENABLE_NS_ASSERTIONS = NO;
				ENABLE_STRICT_OBJC_MSGSEND = YES;
				GCC_C_LANGUAGE_STANDARD = gnu11;
				GCC_NO_COMMON_BLOCKS = YES;
				GCC_WARN_64_TO_32_BIT_CONVERSION = YES;
				GCC_WARN_ABOUT_RETURN_TYPE = YES_ERROR;
				GCC_WARN_UNDECLARED_SELECTOR = YES;
				GCC_WARN_UNINITIALIZED_AUTOS = YES_AGGRESSIVE;
				GCC_WARN_UNUSED_FUNCTION = YES;
				GCC_WARN_UNUSED_VARIABLE = YES;
				IPHONEOS_DEPLOYMENT_TARGET = 15.5;
				MTL_ENABLE_DEBUG_INFO = NO;
				MTL_FAST_MATH = YES;
				SDKROOT = iphoneos;
				SWIFT_COMPILATION_MODE = wholemodule;
				SWIFT_OPTIMIZATION_LEVEL = "-O";
				VALIDATE_PRODUCT = YES;
			};
			name = Release;
		};
		2B7E3B4D285AFFEF00E1587B /* Debug */ = {
			isa = XCBuildConfiguration;
			baseConfigurationReference = 54D4AA77900095F272360D2A /* Pods-tableviewdemo.debug.xcconfig */;
			buildSettings = {
				ASSETCATALOG_COMPILER_APPICON_NAME = AppIcon;
				ASSETCATALOG_COMPILER_GLOBAL_ACCENT_COLOR_NAME = AccentColor;
				CODE_SIGN_STYLE = Automatic;
				CURRENT_PROJECT_VERSION = 1;
				GENERATE_INFOPLIST_FILE = YES;
				INFOPLIST_FILE = tableviewdemo/Info.plist;
				INFOPLIST_KEY_UIApplicationSupportsIndirectInputEvents = YES;
				INFOPLIST_KEY_UILaunchStoryboardName = LaunchScreen;
				INFOPLIST_KEY_UISupportedInterfaceOrientations_iPad = "UIInterfaceOrientationPortrait UIInterfaceOrientationPortraitUpsideDown UIInterfaceOrientationLandscapeLeft UIInterfaceOrientationLandscapeRight";
				INFOPLIST_KEY_UISupportedInterfaceOrientations_iPhone = "UIInterfaceOrientationPortrait UIInterfaceOrientationLandscapeLeft UIInterfaceOrientationLandscapeRight";
				LD_RUNPATH_SEARCH_PATHS = (
					"$(inherited)",
					"@executable_path/Frameworks",
				);
				MARKETING_VERSION = 1.0;
				PRODUCT_BUNDLE_IDENTIFIER = jiangxiangrui.bytedance.tableviewdemo;
				PRODUCT_NAME = "$(TARGET_NAME)";
				SWIFT_EMIT_LOC_STRINGS = YES;
				SWIFT_VERSION = 5.0;
				TARGETED_DEVICE_FAMILY = "1,2";
			};
			name = Debug;
		};
		2B7E3B4E285AFFEF00E1587B /* Release */ = {
			isa = XCBuildConfiguration;
			baseConfigurationReference = 2869BEC819505C0E0282143C /* Pods-tableviewdemo.release.xcconfig */;
			buildSettings = {
				ASSETCATALOG_COMPILER_APPICON_NAME = AppIcon;
				ASSETCATALOG_COMPILER_GLOBAL_ACCENT_COLOR_NAME = AccentColor;
				CODE_SIGN_STYLE = Automatic;
				CURRENT_PROJECT_VERSION = 1;
				GENERATE_INFOPLIST_FILE = YES;
				INFOPLIST_FILE = tableviewdemo/Info.plist;
				INFOPLIST_KEY_UIApplicationSupportsIndirectInputEvents = YES;
				INFOPLIST_KEY_UILaunchStoryboardName = LaunchScreen;
				INFOPLIST_KEY_UISupportedInterfaceOrientations_iPad = "UIInterfaceOrientationPortrait UIInterfaceOrientationPortraitUpsideDown UIInterfaceOrientationLandscapeLeft UIInterfaceOrientationLandscapeRight";
				INFOPLIST_KEY_UISupportedInterfaceOrientations_iPhone = "UIInterfaceOrientationPortrait UIInterfaceOrientationLandscapeLeft UIInterfaceOrientationLandscapeRight";
				LD_RUNPATH_SEARCH_PATHS = (
					"$(inherited)",
					"@executable_path/Frameworks",
				);
				MARKETING_VERSION = 1.0;
				PRODUCT_BUNDLE_IDENTIFIER = jiangxiangrui.bytedance.tableviewdemo;
				PRODUCT_NAME = "$(TARGET_NAME)";
				SWIFT_EMIT_LOC_STRINGS = YES;
				SWIFT_VERSION = 5.0;
				TARGETED_DEVICE_FAMILY = "1,2";
			};
			name = Release;
		};
/* End XCBuildConfiguration section */

/* Begin XCConfigurationList section */
		2B7E3B33285AFFEE00E1587B /* Build configuration list for PBXProject "tableviewdemo" */ = {
			isa = XCConfigurationList;
			buildConfigurations = (
				2B7E3B4A285AFFEF00E1587B /* Debug */,
				2B7E3B4B285AFFEF00E1587B /* Release */,
			);
			defaultConfigurationIsVisible = 0;
			defaultConfigurationName = Release;
		};
		2B7E3B4C285AFFEF00E1587B /* Build configuration list for PBXNativeTarget "tableviewdemo" */ = {
			isa = XCConfigurationList;
			buildConfigurations = (
				2B7E3B4D285AFFEF00E1587B /* Debug */,
				2B7E3B4E285AFFEF00E1587B /* Release */,
			);
			defaultConfigurationIsVisible = 0;
			defaultConfigurationName = Release;
		};
/* End XCConfigurationList section */
	};
	rootObject = 2B7E3B30285AFFEE00E1587B /* Project object */;
}
