// !$*UTF8*$!
{
	archiveVersion = 1;
	classes = {
	};
	objectVersion = 55;
	objects = {

/* Begin PBXBuildFile section */
		20E63AAEF2C796C3D4743FB1 /* Pods_the.framework in Frameworks */ = {isa = PBXBuildFile; fileRef = A5516C3331DC12168131B26C /* Pods_the.framework */; };
		2BA51F252852DC9200B27773 /* AppDelegate.swift in Sources */ = {isa = PBXBuildFile; fileRef = 2BA51F242852DC9200B27773 /* AppDelegate.swift */; };
		2BA51F272852DC9200B27773 /* SceneDelegate.swift in Sources */ = {isa = PBXBuildFile; fileRef = 2BA51F262852DC9200B27773 /* SceneDelegate.swift */; };
		2BA51F292852DC9200B27773 /* ViewController.swift in Sources */ = {isa = PBXBuildFile; fileRef = 2BA51F282852DC9200B27773 /* ViewController.swift */; };
		2BA51F2C2852DC9200B27773 /* Main.storyboard in Resources */ = {isa = PBXBuildFile; fileRef = 2BA51F2A2852DC9200B27773 /* Main.storyboard */; };
		2BA51F2E2852DC9300B27773 /* Assets.xcassets in Resources */ = {isa = PBXBuildFile; fileRef = 2BA51F2D2852DC9300B27773 /* Assets.xcassets */; };
		2BA51F312852DC9300B27773 /* LaunchScreen.storyboard in Resources */ = {isa = PBXBuildFile; fileRef = 2BA51F2F2852DC9300B27773 /* LaunchScreen.storyboard */; };
		2BA51FC62858272300B27773 /* MyAlterController.swift in Sources */ = {isa = PBXBuildFile; fileRef = 2BA51FC52858272300B27773 /* MyAlterController.swift */; };
		2BA51FC82858344800B27773 /* View.xib in Resources */ = {isa = PBXBuildFile; fileRef = 2BA51FC72858344800B27773 /* View.xib */; };
/* End PBXBuildFile section */

/* Begin PBXFileReference section */
		2BA51F212852DC9200B27773 /* the.app */ = {isa = PBXFileReference; explicitFileType = wrapper.application; includeInIndex = 0; path = the.app; sourceTree = BUILT_PRODUCTS_DIR; };
		2BA51F242852DC9200B27773 /* AppDelegate.swift */ = {isa = PBXFileReference; lastKnownFileType = sourcecode.swift; path = AppDelegate.swift; sourceTree = "<group>"; };
		2BA51F262852DC9200B27773 /* SceneDelegate.swift */ = {isa = PBXFileReference; lastKnownFileType = sourcecode.swift; path = SceneDelegate.swift; sourceTree = "<group>"; };
		2BA51F282852DC9200B27773 /* ViewController.swift */ = {isa = PBXFileReference; lastKnownFileType = sourcecode.swift; path = ViewController.swift; sourceTree = "<group>"; };
		2BA51F2B2852DC9200B27773 /* Base */ = {isa = PBXFileReference; lastKnownFileType = file.storyboard; name = Base; path = Base.lproj/Main.storyboard; sourceTree = "<group>"; };
		2BA51F2D2852DC9300B27773 /* Assets.xcassets */ = {isa = PBXFileReference; lastKnownFileType = folder.assetcatalog; path = Assets.xcassets; sourceTree = "<group>"; };
		2BA51F302852DC9300B27773 /* Base */ = {isa = PBXFileReference; lastKnownFileType = file.storyboard; name = Base; path = Base.lproj/LaunchScreen.storyboard; sourceTree = "<group>"; };
		2BA51F322852DC9300B27773 /* Info.plist */ = {isa = PBXFileReference; lastKnownFileType = text.plist.xml; path = Info.plist; sourceTree = "<group>"; };
		2BA51FC52858272300B27773 /* MyAlterController.swift */ = {isa = PBXFileReference; lastKnownFileType = sourcecode.swift; path = MyAlterController.swift; sourceTree = "<group>"; };
		2BA51FC72858344800B27773 /* View.xib */ = {isa = PBXFileReference; lastKnownFileType = file.xib; path = View.xib; sourceTree = "<group>"; };
		31A5AB329A24FAFE1070F158 /* Pods-the.release.xcconfig */ = {isa = PBXFileReference; includeInIndex = 1; lastKnownFileType = text.xcconfig; name = "Pods-the.release.xcconfig"; path = "Target Support Files/Pods-the/Pods-the.release.xcconfig"; sourceTree = "<group>"; };
		8792C2915A10D166365AF3E9 /* Pods-the.debug.xcconfig */ = {isa = PBXFileReference; includeInIndex = 1; lastKnownFileType = text.xcconfig; name = "Pods-the.debug.xcconfig"; path = "Target Support Files/Pods-the/Pods-the.debug.xcconfig"; sourceTree = "<group>"; };
		A5516C3331DC12168131B26C /* Pods_the.framework */ = {isa = PBXFileReference; explicitFileType = wrapper.framework; includeInIndex = 0; path = Pods_the.framework; sourceTree = BUILT_PRODUCTS_DIR; };
/* End PBXFileReference section */

/* Begin PBXFrameworksBuildPhase section */
		2BA51F1E2852DC9200B27773 /* Frameworks */ = {
			isa = PBXFrameworksBuildPhase;
			buildActionMask = 2147483647;
			files = (
				20E63AAEF2C796C3D4743FB1 /* Pods_the.framework in Frameworks */,
			);
			runOnlyForDeploymentPostprocessing = 0;
		};
/* End PBXFrameworksBuildPhase section */

/* Begin PBXGroup section */
		2BA51F182852DC9200B27773 = {
			isa = PBXGroup;
			children = (
				2BA51F232852DC9200B27773 /* the */,
				2BA51F222852DC9200B27773 /* Products */,
				D6AB59E4691AEA266C0934F2 /* Pods */,
				480DD56F0A3776EC1ADD78A3 /* Frameworks */,
			);
			sourceTree = "<group>";
		};
		2BA51F222852DC9200B27773 /* Products */ = {
			isa = PBXGroup;
			children = (
				2BA51F212852DC9200B27773 /* the.app */,
			);
			name = Products;
			sourceTree = "<group>";
		};
		2BA51F232852DC9200B27773 /* the */ = {
			isa = PBXGroup;
			children = (
				2BA51F242852DC9200B27773 /* AppDelegate.swift */,
				2BA51F262852DC9200B27773 /* SceneDelegate.swift */,
				2BA51F282852DC9200B27773 /* ViewController.swift */,
				2BA51F2A2852DC9200B27773 /* Main.storyboard */,
				2BA51F2D2852DC9300B27773 /* Assets.xcassets */,
				2BA51F2F2852DC9300B27773 /* LaunchScreen.storyboard */,
				2BA51F322852DC9300B27773 /* Info.plist */,
				2BA51FC72858344800B27773 /* View.xib */,
				2BA51FC52858272300B27773 /* MyAlterController.swift */,
			);
			path = the;
			sourceTree = "<group>";
		};
		480DD56F0A3776EC1ADD78A3 /* Frameworks */ = {
			isa = PBXGroup;
			children = (
				A5516C3331DC12168131B26C /* Pods_the.framework */,
			);
			name = Frameworks;
			sourceTree = "<group>";
		};
		D6AB59E4691AEA266C0934F2 /* Pods */ = {
			isa = PBXGroup;
			children = (
				8792C2915A10D166365AF3E9 /* Pods-the.debug.xcconfig */,
				31A5AB329A24FAFE1070F158 /* Pods-the.release.xcconfig */,
			);
			path = Pods;
			sourceTree = "<group>";
		};
/* End PBXGroup section */

/* Begin PBXNativeTarget section */
		2BA51F202852DC9200B27773 /* the */ = {
			isa = PBXNativeTarget;
			buildConfigurationList = 2BA51F352852DC9300B27773 /* Build configuration list for PBXNativeTarget "the" */;
			buildPhases = (
				13CBE56002BC193CDE82AC1E /* [CP] Check Pods Manifest.lock */,
				2BA51F1D2852DC9200B27773 /* Sources */,
				2BA51F1E2852DC9200B27773 /* Frameworks */,
				2BA51F1F2852DC9200B27773 /* Resources */,
				CDC186A341EA5DFFB0A4022B /* [CP] Embed Pods Frameworks */,
			);
			buildRules = (
			);
			dependencies = (
			);
			name = the;
			productName = the;
			productReference = 2BA51F212852DC9200B27773 /* the.app */;
			productType = "com.apple.product-type.application";
		};
/* End PBXNativeTarget section */

/* Begin PBXProject section */
		2BA51F192852DC9200B27773 /* Project object */ = {
			isa = PBXProject;
			attributes = {
				BuildIndependentTargetsInParallel = 1;
				LastSwiftUpdateCheck = 1340;
				LastUpgradeCheck = 1340;
				TargetAttributes = {
					2BA51F202852DC9200B27773 = {
						CreatedOnToolsVersion = 13.4.1;
					};
				};
			};
			buildConfigurationList = 2BA51F1C2852DC9200B27773 /* Build configuration list for PBXProject "the" */;
			compatibilityVersion = "Xcode 13.0";
			developmentRegion = en;
			hasScannedForEncodings = 0;
			knownRegions = (
				en,
				Base,
			);
			mainGroup = 2BA51F182852DC9200B27773;
			productRefGroup = 2BA51F222852DC9200B27773 /* Products */;
			projectDirPath = "";
			projectRoot = "";
			targets = (
				2BA51F202852DC9200B27773 /* the */,
			);
		};
/* End PBXProject section */

/* Begin PBXResourcesBuildPhase section */
		2BA51F1F2852DC9200B27773 /* Resources */ = {
			isa = PBXResourcesBuildPhase;
			buildActionMask = 2147483647;
			files = (
				2BA51FC82858344800B27773 /* View.xib in Resources */,
				2BA51F312852DC9300B27773 /* LaunchScreen.storyboard in Resources */,
				2BA51F2E2852DC9300B27773 /* Assets.xcassets in Resources */,
				2BA51F2C2852DC9200B27773 /* Main.storyboard in Resources */,
			);
			runOnlyForDeploymentPostprocessing = 0;
		};
/* End PBXResourcesBuildPhase section */

/* Begin PBXShellScriptBuildPhase section */
		13CBE56002BC193CDE82AC1E /* [CP] Check Pods Manifest.lock */ = {
			isa = PBXShellScriptBuildPhase;
			buildActionMask = 2147483647;
			files = (
			);
			inputFileListPaths = (
			);
			inputPaths = (
				"${PODS_PODFILE_DIR_PATH}/Podfile.lock",
				"${PODS_ROOT}/Manifest.lock",
			);
			name = "[CP] Check Pods Manifest.lock";
			outputFileListPaths = (
			);
			outputPaths = (
				"$(DERIVED_FILE_DIR)/Pods-the-checkManifestLockResult.txt",
			);
			runOnlyForDeploymentPostprocessing = 0;
			shellPath = /bin/sh;
			shellScript = "diff \"${PODS_PODFILE_DIR_PATH}/Podfile.lock\" \"${PODS_ROOT}/Manifest.lock\" > /dev/null\nif [ $? != 0 ] ; then\n    # print error to STDERR\n    echo \"error: The sandbox is not in sync with the Podfile.lock. Run 'pod install' or update your CocoaPods installation.\" >&2\n    exit 1\nfi\n# This output is used by Xcode 'outputs' to avoid re-running this script phase.\necho \"SUCCESS\" > \"${SCRIPT_OUTPUT_FILE_0}\"\n";
			showEnvVarsInLog = 0;
		};
		CDC186A341EA5DFFB0A4022B /* [CP] Embed Pods Frameworks */ = {
			isa = PBXShellScriptBuildPhase;
			buildActionMask = 2147483647;
			files = (
			);
			inputFileListPaths = (
				"${PODS_ROOT}/Target Support Files/Pods-the/Pods-the-frameworks-${CONFIGURATION}-input-files.xcfilelist",
			);
			name = "[CP] Embed Pods Frameworks";
			outputFileListPaths = (
				"${PODS_ROOT}/Target Support Files/Pods-the/Pods-the-frameworks-${CONFIGURATION}-output-files.xcfilelist",
			);
			runOnlyForDeploymentPostprocessing = 0;
			shellPath = /bin/sh;
			shellScript = "\"${PODS_ROOT}/Target Support Files/Pods-the/Pods-the-frameworks.sh\"\n";
			showEnvVarsInLog = 0;
		};
/* End PBXShellScriptBuildPhase section */

/* Begin PBXSourcesBuildPhase section */
		2BA51F1D2852DC9200B27773 /* Sources */ = {
			isa = PBXSourcesBuildPhase;
			buildActionMask = 2147483647;
			files = (
				2BA51FC62858272300B27773 /* MyAlterController.swift in Sources */,
				2BA51F292852DC9200B27773 /* ViewController.swift in Sources */,
				2BA51F252852DC9200B27773 /* AppDelegate.swift in Sources */,
				2BA51F272852DC9200B27773 /* SceneDelegate.swift in Sources */,
			);
			runOnlyForDeploymentPostprocessing = 0;
		};
/* End PBXSourcesBuildPhase section */

/* Begin PBXVariantGroup section */
		2BA51F2A2852DC9200B27773 /* Main.storyboard */ = {
			isa = PBXVariantGroup;
			children = (
				2BA51F2B2852DC9200B27773 /* Base */,
			);
			name = Main.storyboard;
			sourceTree = "<group>";
		};
		2BA51F2F2852DC9300B27773 /* LaunchScreen.storyboard */ = {
			isa = PBXVariantGroup;
			children = (
				2BA51F302852DC9300B27773 /* Base */,
			);
			name = LaunchScreen.storyboard;
			sourceTree = "<group>";
		};
/* End PBXVariantGroup section */

/* Begin XCBuildConfiguration section */
		2BA51F332852DC9300B27773 /* Debug */ = {
			isa = XCBuildConfiguration;
			buildSettings = {
				ALWAYS_SEARCH_USER_PATHS = NO;
				CLANG_ANALYZER_NONNULL = YES;
				CLANG_ANALYZER_NUMBER_OBJECT_CONVERSION = YES_AGGRESSIVE;
				CLANG_CXX_LANGUAGE_STANDARD = "gnu++17";
				CLANG_ENABLE_MODULES = YES;
				CLANG_ENABLE_OBJC_ARC = YES;
				CLANG_ENABLE_OBJC_WEAK = YES;
				CLANG_WARN_BLOCK_CAPTURE_AUTORELEASING = YES;
				CLANG_WARN_BOOL_CONVERSION = YES;
				CLANG_WARN_COMMA = YES;
				CLANG_WARN_CONSTANT_CONVERSION = YES;
				CLANG_WARN_DEPRECATED_OBJC_IMPLEMENTATIONS = YES;
				CLANG_WARN_DIRECT_OBJC_ISA_USAGE = YES_ERROR;
				CLANG_WARN_DOCUMENTATION_COMMENTS = YES;
				CLANG_WARN_EMPTY_BODY = YES;
				CLANG_WARN_ENUM_CONVERSION = YES;
				CLANG_WARN_INFINITE_RECURSION = YES;
				CLANG_WARN_INT_CONVERSION = YES;
				CLANG_WARN_NON_LITERAL_NULL_CONVERSION = YES;
				CLANG_WARN_OBJC_IMPLICIT_RETAIN_SELF = YES;
				CLANG_WARN_OBJC_LITERAL_CONVERSION = YES;
				CLANG_WARN_OBJC_ROOT_CLASS = YES_ERROR;
				CLANG_WARN_QUOTED_INCLUDE_IN_FRAMEWORK_HEADER = YES;
				CLANG_WARN_RANGE_LOOP_ANALYSIS = YES;
				CLANG_WARN_STRICT_PROTOTYPES = YES;
				CLANG_WARN_SUSPICIOUS_MOVE = YES;
				CLANG_WARN_UNGUARDED_AVAILABILITY = YES_AGGRESSIVE;
				CLANG_WARN_UNREACHABLE_CODE = YES;
				CLANG_WARN__DUPLICATE_METHOD_MATCH = YES;
				COPY_PHASE_STRIP = NO;
				DEBUG_INFORMATION_FORMAT = dwarf;
				ENABLE_STRICT_OBJC_MSGSEND = YES;
				ENABLE_TESTABILITY = YES;
				GCC_C_LANGUAGE_STANDARD = gnu11;
				GCC_DYNAMIC_NO_PIC = NO;
				GCC_NO_COMMON_BLOCKS = YES;
				GCC_OPTIMIZATION_LEVEL = 0;
				GCC_PREPROCESSOR_DEFINITIONS = (
					"DEBUG=1",
					"$(inherited)",
				);
				GCC_WARN_64_TO_32_BIT_CONVERSION = YES;
				GCC_WARN_ABOUT_RETURN_TYPE = YES_ERROR;
				GCC_WARN_UNDECLARED_SELECTOR = YES;
				GCC_WARN_UNINITIALIZED_AUTOS = YES_AGGRESSIVE;
				GCC_WARN_UNUSED_FUNCTION = YES;
				GCC_WARN_UNUSED_VARIABLE = YES;
				IPHONEOS_DEPLOYMENT_TARGET = 15.5;
				MTL_ENABLE_DEBUG_INFO = INCLUDE_SOURCE;
				MTL_FAST_MATH = YES;
				ONLY_ACTIVE_ARCH = YES;
				SDKROOT = iphoneos;
				SWIFT_ACTIVE_COMPILATION_CONDITIONS = DEBUG;
				SWIFT_OPTIMIZATION_LEVEL = "-Onone";
			};
			name = Debug;
		};
		2BA51F342852DC9300B27773 /* Release */ = {
			isa = XCBuildConfiguration;
			buildSettings = {
				ALWAYS_SEARCH_USER_PATHS = NO;
				CLANG_ANALYZER_NONNULL = YES;
				CLANG_ANALYZER_NUMBER_OBJECT_CONVERSION = YES_AGGRESSIVE;
				CLANG_CXX_LANGUAGE_STANDARD = "gnu++17";
				CLANG_ENABLE_MODULES = YES;
				CLANG_ENABLE_OBJC_ARC = YES;
				CLANG_ENABLE_OBJC_WEAK = YES;
				CLANG_WARN_BLOCK_CAPTURE_AUTORELEASING = YES;
				CLANG_WARN_BOOL_CONVERSION = YES;
				CLANG_WARN_COMMA = YES;
				CLANG_WARN_CONSTANT_CONVERSION = YES;
				CLANG_WARN_DEPRECATED_OBJC_IMPLEMENTATIONS = YES;
				CLANG_WARN_DIRECT_OBJC_ISA_USAGE = YES_ERROR;
				CLANG_WARN_DOCUMENTATION_COMMENTS = YES;
				CLANG_WARN_EMPTY_BODY = YES;
				CLANG_WARN_ENUM_CONVERSION = YES;
				CLANG_WARN_INFINITE_RECURSION = YES;
				CLANG_WARN_INT_CONVERSION = YES;
				CLANG_WARN_NON_LITERAL_NULL_CONVERSION = YES;
				CLANG_WARN_OBJC_IMPLICIT_RETAIN_SELF = YES;
				CLANG_WARN_OBJC_LITERAL_CONVERSION = YES;
				CLANG_WARN_OBJC_ROOT_CLASS = YES_ERROR;
				CLANG_WARN_QUOTED_INCLUDE_IN_FRAMEWORK_HEADER = YES;
				CLANG_WARN_RANGE_LOOP_ANALYSIS = YES;
				CLANG_WARN_STRICT_PROTOTYPES = YES;
				CLANG_WARN_SUSPICIOUS_MOVE = YES;
				CLANG_WARN_UNGUARDED_AVAILABILITY = YES_AGGRESSIVE;
				CLANG_WARN_UNREACHABLE_CODE = YES;
				CLANG_WARN__DUPLICATE_METHOD_MATCH = YES;
				COPY_PHASE_STRIP = NO;
				DEBUG_INFORMATION_FORMAT = "dwarf-with-dsym";
				ENABLE_NS_ASSERTIONS = NO;
				ENABLE_STRICT_OBJC_MSGSEND = YES;
				GCC_C_LANGUAGE_STANDARD = gnu11;
				GCC_NO_COMMON_BLOCKS = YES;
				GCC_WARN_64_TO_32_BIT_CONVERSION = YES;
				GCC_WARN_ABOUT_RETURN_TYPE = YES_ERROR;
				GCC_WARN_UNDECLARED_SELECTOR = YES;
				GCC_WARN_UNINITIALIZED_AUTOS = YES_AGGRESSIVE;
				GCC_WARN_UNUSED_FUNCTION = YES;
				GCC_WARN_UNUSED_VARIABLE = YES;
				IPHONEOS_DEPLOYMENT_TARGET = 15.5;
				MTL_ENABLE_DEBUG_INFO = NO;
				MTL_FAST_MATH = YES;
				SDKROOT = iphoneos;
				SWIFT_COMPILATION_MODE = wholemodule;
				SWIFT_OPTIMIZATION_LEVEL = "-O";
				VALIDATE_PRODUCT = YES;
			};
			name = Release;
		};
		2BA51F362852DC9300B27773 /* Debug */ = {
			isa = XCBuildConfiguration;
			baseConfigurationReference = 8792C2915A10D166365AF3E9 /* Pods-the.debug.xcconfig */;
			buildSettings = {
				ASSETCATALOG_COMPILER_APPICON_NAME = AppIcon;
				ASSETCATALOG_COMPILER_GLOBAL_ACCENT_COLOR_NAME = AccentColor;
				CODE_SIGN_STYLE = Automatic;
				CURRENT_PROJECT_VERSION = 1;
				GENERATE_INFOPLIST_FILE = YES;
				INFOPLIST_FILE = the/Info.plist;
				INFOPLIST_KEY_UIApplicationSupportsIndirectInputEvents = YES;
				INFOPLIST_KEY_UILaunchStoryboardName = LaunchScreen;
				INFOPLIST_KEY_UIMainStoryboardFile = Main;
				INFOPLIST_KEY_UISupportedInterfaceOrientations_iPad = "UIInterfaceOrientationPortrait UIInterfaceOrientationPortraitUpsideDown UIInterfaceOrientationLandscapeLeft UIInterfaceOrientationLandscapeRight";
				INFOPLIST_KEY_UISupportedInterfaceOrientations_iPhone = "UIInterfaceOrientationPortrait UIInterfaceOrientationLandscapeLeft UIInterfaceOrientationLandscapeRight";
				LD_RUNPATH_SEARCH_PATHS = (
					"$(inherited)",
					"@executable_path/Frameworks",
				);
				MARKETING_VERSION = 1.0;
				PRODUCT_BUNDLE_IDENTIFIER = jiangxiangrui.bytedance.the;
				PRODUCT_NAME = "$(TARGET_NAME)";
				SWIFT_EMIT_LOC_STRINGS = YES;
				SWIFT_VERSION = 5.0;
				TARGETED_DEVICE_FAMILY = "1,2";
			};
			name = Debug;
		};
		2BA51F372852DC9300B27773 /* Release */ = {
			isa = XCBuildConfiguration;
			baseConfigurationReference = 31A5AB329A24FAFE1070F158 /* Pods-the.release.xcconfig */;
			buildSettings = {
				ASSETCATALOG_COMPILER_APPICON_NAME = AppIcon;
				ASSETCATALOG_COMPILER_GLOBAL_ACCENT_COLOR_NAME = AccentColor;
				CODE_SIGN_STYLE = Automatic;
				CURRENT_PROJECT_VERSION = 1;
				GENERATE_INFOPLIST_FILE = YES;
				INFOPLIST_FILE = the/Info.plist;
				INFOPLIST_KEY_UIApplicationSupportsIndirectInputEvents = YES;
				INFOPLIST_KEY_UILaunchStoryboardName = LaunchScreen;
				INFOPLIST_KEY_UIMainStoryboardFile = Main;
				INFOPLIST_KEY_UISupportedInterfaceOrientations_iPad = "UIInterfaceOrientationPortrait UIInterfaceOrientationPortraitUpsideDown UIInterfaceOrientationLandscapeLeft UIInterfaceOrientationLandscapeRight";
				INFOPLIST_KEY_UISupportedInterfaceOrientations_iPhone = "UIInterfaceOrientationPortrait UIInterfaceOrientationLandscapeLeft UIInterfaceOrientationLandscapeRight";
				LD_RUNPATH_SEARCH_PATHS = (
					"$(inherited)",
					"@executable_path/Frameworks",
				);
				MARKETING_VERSION = 1.0;
				PRODUCT_BUNDLE_IDENTIFIER = jiangxiangrui.bytedance.the;
				PRODUCT_NAME = "$(TARGET_NAME)";
				SWIFT_EMIT_LOC_STRINGS = YES;
				SWIFT_VERSION = 5.0;
				TARGETED_DEVICE_FAMILY = "1,2";
			};
			name = Release;
		};
/* End XCBuildConfiguration section */

/* Begin XCConfigurationList section */
		2BA51F1C2852DC9200B27773 /* Build configuration list for PBXProject "the" */ = {
			isa = XCConfigurationList;
			buildConfigurations = (
				2BA51F332852DC9300B27773 /* Debug */,
				2BA51F342852DC9300B27773 /* Release */,
			);
			defaultConfigurationIsVisible = 0;
			defaultConfigurationName = Release;
		};
		2BA51F352852DC9300B27773 /* Build configuration list for PBXNativeTarget "the" */ = {
			isa = XCConfigurationList;
			buildConfigurations = (
				2BA51F362852DC9300B27773 /* Debug */,
				2BA51F372852DC9300B27773 /* Release */,
			);
			defaultConfigurationIsVisible = 0;
			defaultConfigurationName = Release;
		};
/* End XCConfigurationList section */
	};
	rootObject = 2BA51F192852DC9200B27773 /* Project object */;
}
