// !$*UTF8*$!
{
	archiveVersion = 1;
	classes = {
	};
	objectVersion = 55;
	objects = {

/* Begin PBXBuildFile section */
		2B7E3B8F2860699D00E1587B /* AppDelegate.swift in Sources */ = {isa = PBXBuildFile; fileRef = 2B7E3B8E2860699D00E1587B /* AppDelegate.swift */; };
		2B7E3B932860699D00E1587B /* ViewController.swift in Sources */ = {isa = PBXBuildFile; fileRef = 2B7E3B922860699D00E1587B /* ViewController.swift */; };
		2B7E3B982860699E00E1587B /* Assets.xcassets in Resources */ = {isa = PBXBuildFile; fileRef = 2B7E3B972860699E00E1587B /* Assets.xcassets */; };
		2B7E3BA328606A0C00E1587B /* ItemCell.swift in Sources */ = {isa = PBXBuildFile; fileRef = 2B7E3BA228606A0C00E1587B /* ItemCell.swift */; };
		2B7E3BA528606A3F00E1587B /* TableViewController.swift in Sources */ = {isa = PBXBuildFile; fileRef = 2B7E3BA428606A3F00E1587B /* TableViewController.swift */; };
		2B7E3BA728606A7200E1587B /* RootViewController.swift in Sources */ = {isa = PBXBuildFile; fileRef = 2B7E3BA628606A7200E1587B /* RootViewController.swift */; };
		2B7E3BA928615D9100E1587B /* ReSwiftDemo.swift in Sources */ = {isa = PBXBuildFile; fileRef = 2B7E3BA828615D9100E1587B /* ReSwiftDemo.swift */; };
		55A5FC312B4B5863AFEE9600 /* Pods_thread.framework in Frameworks */ = {isa = PBXBuildFile; fileRef = 85AFBC97B811F21933B86E4D /* Pods_thread.framework */; };
/* End PBXBuildFile section */

/* Begin PBXFileReference section */
		2B7E3B8B2860699D00E1587B /* thread.app */ = {isa = PBXFileReference; explicitFileType = wrapper.application; includeInIndex = 0; path = thread.app; sourceTree = BUILT_PRODUCTS_DIR; };
		2B7E3B8E2860699D00E1587B /* AppDelegate.swift */ = {isa = PBXFileReference; lastKnownFileType = sourcecode.swift; path = AppDelegate.swift; sourceTree = "<group>"; };
		2B7E3B922860699D00E1587B /* ViewController.swift */ = {isa = PBXFileReference; lastKnownFileType = sourcecode.swift; path = ViewController.swift; sourceTree = "<group>"; };
		2B7E3B972860699E00E1587B /* Assets.xcassets */ = {isa = PBXFileReference; lastKnownFileType = folder.assetcatalog; path = Assets.xcassets; sourceTree = "<group>"; };
		2B7E3B9C2860699E00E1587B /* Info.plist */ = {isa = PBXFileReference; lastKnownFileType = text.plist.xml; path = Info.plist; sourceTree = "<group>"; };
		2B7E3BA228606A0C00E1587B /* ItemCell.swift */ = {isa = PBXFileReference; lastKnownFileType = sourcecode.swift; path = ItemCell.swift; sourceTree = "<group>"; };
		2B7E3BA428606A3F00E1587B /* TableViewController.swift */ = {isa = PBXFileReference; lastKnownFileType = sourcecode.swift; path = TableViewController.swift; sourceTree = "<group>"; };
		2B7E3BA628606A7200E1587B /* RootViewController.swift */ = {isa = PBXFileReference; lastKnownFileType = sourcecode.swift; path = RootViewController.swift; sourceTree = "<group>"; };
		2B7E3BA828615D9100E1587B /* ReSwiftDemo.swift */ = {isa = PBXFileReference; lastKnownFileType = sourcecode.swift; path = ReSwiftDemo.swift; sourceTree = "<group>"; };
		5C11BC8E47B676F25FF7FC53 /* Pods-thread.release.xcconfig */ = {isa = PBXFileReference; includeInIndex = 1; lastKnownFileType = text.xcconfig; name = "Pods-thread.release.xcconfig"; path = "Target Support Files/Pods-thread/Pods-thread.release.xcconfig"; sourceTree = "<group>"; };
		85AFBC97B811F21933B86E4D /* Pods_thread.framework */ = {isa = PBXFileReference; explicitFileType = wrapper.framework; includeInIndex = 0; path = Pods_thread.framework; sourceTree = BUILT_PRODUCTS_DIR; };
		B08A20F738DE0B8718220E3B /* Pods-thread.debug.xcconfig */ = {isa = PBXFileReference; includeInIndex = 1; lastKnownFileType = text.xcconfig; name = "Pods-thread.debug.xcconfig"; path = "Target Support Files/Pods-thread/Pods-thread.debug.xcconfig"; sourceTree = "<group>"; };
/* End PBXFileReference section */

/* Begin PBXFrameworksBuildPhase section */
		2B7E3B882860699D00E1587B /* Frameworks */ = {
			isa = PBXFrameworksBuildPhase;
			buildActionMask = 2147483647;
			files = (
				55A5FC312B4B5863AFEE9600 /* Pods_thread.framework in Frameworks */,
			);
			runOnlyForDeploymentPostprocessing = 0;
		};
/* End PBXFrameworksBuildPhase section */

/* Begin PBXGroup section */
		2B7E3B822860699D00E1587B = {
			isa = PBXGroup;
			children = (
				2B7E3B8D2860699D00E1587B /* thread */,
				2B7E3B8C2860699D00E1587B /* Products */,
				F903ADE690D85C8D920C9AAD /* Pods */,
				FBD2593372C1808A0BA0669F /* Frameworks */,
			);
			sourceTree = "<group>";
		};
		2B7E3B8C2860699D00E1587B /* Products */ = {
			isa = PBXGroup;
			children = (
				2B7E3B8B2860699D00E1587B /* thread.app */,
			);
			name = Products;
			sourceTree = "<group>";
		};
		2B7E3B8D2860699D00E1587B /* thread */ = {
			isa = PBXGroup;
			children = (
				2B7E3B8E2860699D00E1587B /* AppDelegate.swift */,
				2B7E3B922860699D00E1587B /* ViewController.swift */,
				2B7E3B972860699E00E1587B /* Assets.xcassets */,
				2B7E3B9C2860699E00E1587B /* Info.plist */,
				2B7E3BA228606A0C00E1587B /* ItemCell.swift */,
				2B7E3BA428606A3F00E1587B /* TableViewController.swift */,
				2B7E3BA628606A7200E1587B /* RootViewController.swift */,
				2B7E3BA828615D9100E1587B /* ReSwiftDemo.swift */,
			);
			path = thread;
			sourceTree = "<group>";
		};
		F903ADE690D85C8D920C9AAD /* Pods */ = {
			isa = PBXGroup;
			children = (
				B08A20F738DE0B8718220E3B /* Pods-thread.debug.xcconfig */,
				5C11BC8E47B676F25FF7FC53 /* Pods-thread.release.xcconfig */,
			);
			path = Pods;
			sourceTree = "<group>";
		};
		FBD2593372C1808A0BA0669F /* Frameworks */ = {
			isa = PBXGroup;
			children = (
				85AFBC97B811F21933B86E4D /* Pods_thread.framework */,
			);
			name = Frameworks;
			sourceTree = "<group>";
		};
/* End PBXGroup section */

/* Begin PBXNativeTarget section */
		2B7E3B8A2860699D00E1587B /* thread */ = {
			isa = PBXNativeTarget;
			buildConfigurationList = 2B7E3B9F2860699E00E1587B /* Build configuration list for PBXNativeTarget "thread" */;
			buildPhases = (
				CD7CDCC793271159D0EDA6BD /* [CP] Check Pods Manifest.lock */,
				2B7E3B872860699D00E1587B /* Sources */,
				2B7E3B882860699D00E1587B /* Frameworks */,
				2B7E3B892860699D00E1587B /* Resources */,
				B6417381F3A42B9603B6F6D1 /* [CP] Embed Pods Frameworks */,
			);
			buildRules = (
			);
			dependencies = (
			);
			name = thread;
			productName = thread;
			productReference = 2B7E3B8B2860699D00E1587B /* thread.app */;
			productType = "com.apple.product-type.application";
		};
/* End PBXNativeTarget section */

/* Begin PBXProject section */
		2B7E3B832860699D00E1587B /* Project object */ = {
			isa = PBXProject;
			attributes = {
				BuildIndependentTargetsInParallel = 1;
				LastSwiftUpdateCheck = 1340;
				LastUpgradeCheck = 1340;
				TargetAttributes = {
					2B7E3B8A2860699D00E1587B = {
						CreatedOnToolsVersion = 13.4.1;
					};
				};
			};
			buildConfigurationList = 2B7E3B862860699D00E1587B /* Build configuration list for PBXProject "thread" */;
			compatibilityVersion = "Xcode 13.0";
			developmentRegion = en;
			hasScannedForEncodings = 0;
			knownRegions = (
				en,
				Base,
			);
			mainGroup = 2B7E3B822860699D00E1587B;
			productRefGroup = 2B7E3B8C2860699D00E1587B /* Products */;
			projectDirPath = "";
			projectRoot = "";
			targets = (
				2B7E3B8A2860699D00E1587B /* thread */,
			);
		};
/* End PBXProject section */

/* Begin PBXResourcesBuildPhase section */
		2B7E3B892860699D00E1587B /* Resources */ = {
			isa = PBXResourcesBuildPhase;
			buildActionMask = 2147483647;
			files = (
				2B7E3B982860699E00E1587B /* Assets.xcassets in Resources */,
			);
			runOnlyForDeploymentPostprocessing = 0;
		};
/* End PBXResourcesBuildPhase section */

/* Begin PBXShellScriptBuildPhase section */
		B6417381F3A42B9603B6F6D1 /* [CP] Embed Pods Frameworks */ = {
			isa = PBXShellScriptBuildPhase;
			buildActionMask = 2147483647;
			files = (
			);
			inputFileListPaths = (
				"${PODS_ROOT}/Target Support Files/Pods-thread/Pods-thread-frameworks-${CONFIGURATION}-input-files.xcfilelist",
			);
			name = "[CP] Embed Pods Frameworks";
			outputFileListPaths = (
				"${PODS_ROOT}/Target Support Files/Pods-thread/Pods-thread-frameworks-${CONFIGURATION}-output-files.xcfilelist",
			);
			runOnlyForDeploymentPostprocessing = 0;
			shellPath = /bin/sh;
			shellScript = "\"${PODS_ROOT}/Target Support Files/Pods-thread/Pods-thread-frameworks.sh\"\n";
			showEnvVarsInLog = 0;
		};
		CD7CDCC793271159D0EDA6BD /* [CP] Check Pods Manifest.lock */ = {
			isa = PBXShellScriptBuildPhase;
			buildActionMask = 2147483647;
			files = (
			);
			inputFileListPaths = (
			);
			inputPaths = (
				"${PODS_PODFILE_DIR_PATH}/Podfile.lock",
				"${PODS_ROOT}/Manifest.lock",
			);
			name = "[CP] Check Pods Manifest.lock";
			outputFileListPaths = (
			);
			outputPaths = (
				"$(DERIVED_FILE_DIR)/Pods-thread-checkManifestLockResult.txt",
			);
			runOnlyForDeploymentPostprocessing = 0;
			shellPath = /bin/sh;
			shellScript = "diff \"${PODS_PODFILE_DIR_PATH}/Podfile.lock\" \"${PODS_ROOT}/Manifest.lock\" > /dev/null\nif [ $? != 0 ] ; then\n    # print error to STDERR\n    echo \"error: The sandbox is not in sync with the Podfile.lock. Run 'pod install' or update your CocoaPods installation.\" >&2\n    exit 1\nfi\n# This output is used by Xcode 'outputs' to avoid re-running this script phase.\necho \"SUCCESS\" > \"${SCRIPT_OUTPUT_FILE_0}\"\n";
			showEnvVarsInLog = 0;
		};
/* End PBXShellScriptBuildPhase section */

/* Begin PBXSourcesBuildPhase section */
		2B7E3B872860699D00E1587B /* Sources */ = {
			isa = PBXSourcesBuildPhase;
			buildActionMask = 2147483647;
			files = (
				2B7E3BA728606A7200E1587B /* RootViewController.swift in Sources */,
				2B7E3B932860699D00E1587B /* ViewController.swift in Sources */,
				2B7E3B8F2860699D00E1587B /* AppDelegate.swift in Sources */,
				2B7E3BA328606A0C00E1587B /* ItemCell.swift in Sources */,
				2B7E3BA528606A3F00E1587B /* TableViewController.swift in Sources */,
				2B7E3BA928615D9100E1587B /* ReSwiftDemo.swift in Sources */,
			);
			runOnlyForDeploymentPostprocessing = 0;
		};
/* End PBXSourcesBuildPhase section */

/* Begin XCBuildConfiguration section */
		2B7E3B9D2860699E00E1587B /* Debug */ = {
			isa = XCBuildConfiguration;
			buildSettings = {
				ALWAYS_SEARCH_USER_PATHS = NO;
				CLANG_ANALYZER_NONNULL = YES;
				CLANG_ANALYZER_NUMBER_OBJECT_CONVERSION = YES_AGGRESSIVE;
				CLANG_CXX_LANGUAGE_STANDARD = "gnu++17";
				CLANG_ENABLE_MODULES = YES;
				CLANG_ENABLE_OBJC_ARC = YES;
				CLANG_ENABLE_OBJC_WEAK = YES;
				CLANG_WARN_BLOCK_CAPTURE_AUTORELEASING = YES;
				CLANG_WARN_BOOL_CONVERSION = YES;
				CLANG_WARN_COMMA = YES;
				CLANG_WARN_CONSTANT_CONVERSION = YES;
				CLANG_WARN_DEPRECATED_OBJC_IMPLEMENTATIONS = YES;
				CLANG_WARN_DIRECT_OBJC_ISA_USAGE = YES_ERROR;
				CLANG_WARN_DOCUMENTATION_COMMENTS = YES;
				CLANG_WARN_EMPTY_BODY = YES;
				CLANG_WARN_ENUM_CONVERSION = YES;
				CLANG_WARN_INFINITE_RECURSION = YES;
				CLANG_WARN_INT_CONVERSION = YES;
				CLANG_WARN_NON_LITERAL_NULL_CONVERSION = YES;
				CLANG_WARN_OBJC_IMPLICIT_RETAIN_SELF = YES;
				CLANG_WARN_OBJC_LITERAL_CONVERSION = YES;
				CLANG_WARN_OBJC_ROOT_CLASS = YES_ERROR;
				CLANG_WARN_QUOTED_INCLUDE_IN_FRAMEWORK_HEADER = YES;
				CLANG_WARN_RANGE_LOOP_ANALYSIS = YES;
				CLANG_WARN_STRICT_PROTOTYPES = YES;
				CLANG_WARN_SUSPICIOUS_MOVE = YES;
				CLANG_WARN_UNGUARDED_AVAILABILITY = YES_AGGRESSIVE;
				CLANG_WARN_UNREACHABLE_CODE = YES;
				CLANG_WARN__DUPLICATE_METHOD_MATCH = YES;
				COPY_PHASE_STRIP = NO;
				DEBUG_INFORMATION_FORMAT = dwarf;
				ENABLE_STRICT_OBJC_MSGSEND = YES;
				ENABLE_TESTABILITY = YES;
				GCC_C_LANGUAGE_STANDARD = gnu11;
				GCC_DYNAMIC_NO_PIC = NO;
				GCC_NO_COMMON_BLOCKS = YES;
				GCC_OPTIMIZATION_LEVEL = 0;
				GCC_PREPROCESSOR_DEFINITIONS = (
					"DEBUG=1",
					"$(inherited)",
				);
				GCC_WARN_64_TO_32_BIT_CONVERSION = YES;
				GCC_WARN_ABOUT_RETURN_TYPE = YES_ERROR;
				GCC_WARN_UNDECLARED_SELECTOR = YES;
				GCC_WARN_UNINITIALIZED_AUTOS = YES_AGGRESSIVE;
				GCC_WARN_UNUSED_FUNCTION = YES;
				GCC_WARN_UNUSED_VARIABLE = YES;
				IPHONEOS_DEPLOYMENT_TARGET = 15.5;
				MTL_ENABLE_DEBUG_INFO = INCLUDE_SOURCE;
				MTL_FAST_MATH = YES;
				ONLY_ACTIVE_ARCH = YES;
				SDKROOT = iphoneos;
				SWIFT_ACTIVE_COMPILATION_CONDITIONS = DEBUG;
				SWIFT_OPTIMIZATION_LEVEL = "-Onone";
			};
			name = Debug;
		};
		2B7E3B9E2860699E00E1587B /* Release */ = {
			isa = XCBuildConfiguration;
			buildSettings = {
				ALWAYS_SEARCH_USER_PATHS = NO;
				CLANG_ANALYZER_NONNULL = YES;
				CLANG_ANALYZER_NUMBER_OBJECT_CONVERSION = YES_AGGRESSIVE;
				CLANG_CXX_LANGUAGE_STANDARD = "gnu++17";
				CLANG_ENABLE_MODULES = YES;
				CLANG_ENABLE_OBJC_ARC = YES;
				CLANG_ENABLE_OBJC_WEAK = YES;
				CLANG_WARN_BLOCK_CAPTURE_AUTORELEASING = YES;
				CLANG_WARN_BOOL_CONVERSION = YES;
				CLANG_WARN_COMMA = YES;
				CLANG_WARN_CONSTANT_CONVERSION = YES;
				CLANG_WARN_DEPRECATED_OBJC_IMPLEMENTATIONS = YES;
				CLANG_WARN_DIRECT_OBJC_ISA_USAGE = YES_ERROR;
				CLANG_WARN_DOCUMENTATION_COMMENTS = YES;
				CLANG_WARN_EMPTY_BODY = YES;
				CLANG_WARN_ENUM_CONVERSION = YES;
				CLANG_WARN_INFINITE_RECURSION = YES;
				CLANG_WARN_INT_CONVERSION = YES;
				CLANG_WARN_NON_LITERAL_NULL_CONVERSION = YES;
				CLANG_WARN_OBJC_IMPLICIT_RETAIN_SELF = YES;
				CLANG_WARN_OBJC_LITERAL_CONVERSION = YES;
				CLANG_WARN_OBJC_ROOT_CLASS = YES_ERROR;
				CLANG_WARN_QUOTED_INCLUDE_IN_FRAMEWORK_HEADER = YES;
				CLANG_WARN_RANGE_LOOP_ANALYSIS = YES;
				CLANG_WARN_STRICT_PROTOTYPES = YES;
				CLANG_WARN_SUSPICIOUS_MOVE = YES;
				CLANG_WARN_UNGUARDED_AVAILABILITY = YES_AGGRESSIVE;
				CLANG_WARN_UNREACHABLE_CODE = YES;
				CLANG_WARN__DUPLICATE_METHOD_MATCH = YES;
				COPY_PHASE_STRIP = NO;
				DEBUG_INFORMATION_FORMAT = "dwarf-with-dsym";
				ENABLE_NS_ASSERTIONS = NO;
				ENABLE_STRICT_OBJC_MSGSEND = YES;
				GCC_C_LANGUAGE_STANDARD = gnu11;
				GCC_NO_COMMON_BLOCKS = YES;
				GCC_WARN_64_TO_32_BIT_CONVERSION = YES;
				GCC_WARN_ABOUT_RETURN_TYPE = YES_ERROR;
				GCC_WARN_UNDECLARED_SELECTOR = YES;
				GCC_WARN_UNINITIALIZED_AUTOS = YES_AGGRESSIVE;
				GCC_WARN_UNUSED_FUNCTION = YES;
				GCC_WARN_UNUSED_VARIABLE = YES;
				IPHONEOS_DEPLOYMENT_TARGET = 15.5;
				MTL_ENABLE_DEBUG_INFO = NO;
				MTL_FAST_MATH = YES;
				SDKROOT = iphoneos;
				SWIFT_COMPILATION_MODE = wholemodule;
				SWIFT_OPTIMIZATION_LEVEL = "-O";
				VALIDATE_PRODUCT = YES;
			};
			name = Release;
		};
		2B7E3BA02860699E00E1587B /* Debug */ = {
			isa = XCBuildConfiguration;
			baseConfigurationReference = B08A20F738DE0B8718220E3B /* Pods-thread.debug.xcconfig */;
			buildSettings = {
				ASSETCATALOG_COMPILER_APPICON_NAME = AppIcon;
				ASSETCATALOG_COMPILER_GLOBAL_ACCENT_COLOR_NAME = AccentColor;
				CODE_SIGN_STYLE = Automatic;
				CURRENT_PROJECT_VERSION = 1;
				GENERATE_INFOPLIST_FILE = YES;
				INFOPLIST_FILE = thread/Info.plist;
				INFOPLIST_KEY_UIApplicationSupportsIndirectInputEvents = YES;
				INFOPLIST_KEY_UILaunchStoryboardName = LaunchScreen;
				INFOPLIST_KEY_UISupportedInterfaceOrientations_iPad = "UIInterfaceOrientationPortrait UIInterfaceOrientationPortraitUpsideDown UIInterfaceOrientationLandscapeLeft UIInterfaceOrientationLandscapeRight";
				INFOPLIST_KEY_UISupportedInterfaceOrientations_iPhone = "UIInterfaceOrientationPortrait UIInterfaceOrientationLandscapeLeft UIInterfaceOrientationLandscapeRight";
				LD_RUNPATH_SEARCH_PATHS = (
					"$(inherited)",
					"@executable_path/Frameworks",
				);
				MARKETING_VERSION = 1.0;
				PRODUCT_BUNDLE_IDENTIFIER = jiangxiangrui.bytedance.thread;
				PRODUCT_NAME = "$(TARGET_NAME)";
				SWIFT_EMIT_LOC_STRINGS = YES;
				SWIFT_VERSION = 5.0;
				TARGETED_DEVICE_FAMILY = "1,2";
			};
			name = Debug;
		};
		2B7E3BA12860699E00E1587B /* Release */ = {
			isa = XCBuildConfiguration;
			baseConfigurationReference = 5C11BC8E47B676F25FF7FC53 /* Pods-thread.release.xcconfig */;
			buildSettings = {
				ASSETCATALOG_COMPILER_APPICON_NAME = AppIcon;
				ASSETCATALOG_COMPILER_GLOBAL_ACCENT_COLOR_NAME = AccentColor;
				CODE_SIGN_STYLE = Automatic;
				CURRENT_PROJECT_VERSION = 1;
				GENERATE_INFOPLIST_FILE = YES;
				INFOPLIST_FILE = thread/Info.plist;
				INFOPLIST_KEY_UIApplicationSupportsIndirectInputEvents = YES;
				INFOPLIST_KEY_UILaunchStoryboardName = LaunchScreen;
				INFOPLIST_KEY_UISupportedInterfaceOrientations_iPad = "UIInterfaceOrientationPortrait UIInterfaceOrientationPortraitUpsideDown UIInterfaceOrientationLandscapeLeft UIInterfaceOrientationLandscapeRight";
				INFOPLIST_KEY_UISupportedInterfaceOrientations_iPhone = "UIInterfaceOrientationPortrait UIInterfaceOrientationLandscapeLeft UIInterfaceOrientationLandscapeRight";
				LD_RUNPATH_SEARCH_PATHS = (
					"$(inherited)",
					"@executable_path/Frameworks",
				);
				MARKETING_VERSION = 1.0;
				PRODUCT_BUNDLE_IDENTIFIER = jiangxiangrui.bytedance.thread;
				PRODUCT_NAME = "$(TARGET_NAME)";
				SWIFT_EMIT_LOC_STRINGS = YES;
				SWIFT_VERSION = 5.0;
				TARGETED_DEVICE_FAMILY = "1,2";
			};
			name = Release;
		};
/* End XCBuildConfiguration section */

/* Begin XCConfigurationList section */
		2B7E3B862860699D00E1587B /* Build configuration list for PBXProject "thread" */ = {
			isa = XCConfigurationList;
			buildConfigurations = (
				2B7E3B9D2860699E00E1587B /* Debug */,
				2B7E3B9E2860699E00E1587B /* Release */,
			);
			defaultConfigurationIsVisible = 0;
			defaultConfigurationName = Release;
		};
		2B7E3B9F2860699E00E1587B /* Build configuration list for PBXNativeTarget "thread" */ = {
			isa = XCConfigurationList;
			buildConfigurations = (
				2B7E3BA02860699E00E1587B /* Debug */,
				2B7E3BA12860699E00E1587B /* Release */,
			);
			defaultConfigurationIsVisible = 0;
			defaultConfigurationName = Release;
		};
/* End XCConfigurationList section */
	};
	rootObject = 2B7E3B832860699D00E1587B /* Project object */;
}
